
Microsoft Visual Studio Solution File, Format Version 12.00
# Visual Studio 14
VisualStudioVersion = 14.0.25420.1
MinimumVisualStudioVersion = 10.0.40219.1
Project("{FAE04EC0-301F-11D3-BF4B-00C04F79EFBC}") = "Phoneword.Droid", "Phoneword\Phoneword.Droid\Phoneword.Droid.csproj", "{D8726744-528B-44FF-B478-91CAEA295C22}"
EndProject
Project("{FAE04EC0-301F-11D3-BF4B-00C04F79EFBC}") = "Phoneword.iOS", "Phoneword\Phoneword.iOS\Phoneword.iOS.csproj", "{EAC1A57B-5C4A-4256-88BA-C12031159B78}"
EndProject
Project("{FAE04EC0-301F-11D3-BF4B-00C04F79EFBC}") = "Phoneword.WinPhone", "Phoneword\Phoneword.WinPhone\Phoneword.WinPhone.csproj", "{508B4AB5-D36F-4E87-88A3-F2548CF45B0F}"
EndProject
Project("{FAE04EC0-301F-11D3-BF4B-00C04F79EFBC}") = "Phoneword.UWP", "Phoneword\Phoneword.UWP\Phoneword.UWP.csproj", "{07C4BE9D-C3F0-4D3A-8D52-0EE8FB8E35A9}"
EndProject
Project("{FAE04EC0-301F-11D3-BF4B-00C04F79EFBC}") = "Phoneword.Windows", "Phoneword\Phoneword.Windows\Phoneword.Windows.csproj", "{66FBDB02-C968-4B41-9362-5ACAEFF75956}"
EndProject
Project("{FAE04EC0-301F-11D3-BF4B-00C04F79EFBC}") = "Phoneword", "Phoneword\Phoneword\Phoneword.csproj", "{F96F8618-AB62-41B8-8D9D-C8B753479B8B}"
EndProject
Global
	GlobalSection(SolutionConfigurationPlatforms) = preSolution
		Ad-Hoc|Any CPU = Ad-Hoc|Any CPU
		Ad-Hoc|ARM = Ad-Hoc|ARM
		Ad-Hoc|iPhone = Ad-Hoc|iPhone
		Ad-Hoc|iPhoneSimulator = Ad-Hoc|iPhoneSimulator
		Ad-Hoc|x64 = Ad-Hoc|x64
		Ad-Hoc|x86 = Ad-Hoc|x86
		AppStore|Any CPU = AppStore|Any CPU
		AppStore|ARM = AppStore|ARM
		AppStore|iPhone = AppStore|iPhone
		AppStore|iPhoneSimulator = AppStore|iPhoneSimulator
		AppStore|x64 = AppStore|x64
		AppStore|x86 = AppStore|x86
		Debug|Any CPU = Debug|Any CPU
		Debug|ARM = Debug|ARM
		Debug|iPhone = Debug|iPhone
		Debug|iPhoneSimulator = Debug|iPhoneSimulator
		Debug|x64 = Debug|x64
		Debug|x86 = Debug|x86
		Release|Any CPU = Release|Any CPU
		Release|ARM = Release|ARM
		Release|iPhone = Release|iPhone
		Release|iPhoneSimulator = Release|iPhoneSimulator
		Release|x64 = Release|x64
		Release|x86 = Release|x86
	EndGlobalSection
	GlobalSection(ProjectConfigurationPlatforms) = postSolution
		{D8726744-528B-44FF-B478-91CAEA295C22}.Ad-Hoc|Any CPU.ActiveCfg = Release|Any CPU
		{D8726744-528B-44FF-B478-91CAEA295C22}.Ad-Hoc|Any CPU.Build.0 = Release|Any CPU
		{D8726744-528B-44FF-B478-91CAEA295C22}.Ad-Hoc|Any CPU.Deploy.0 = Release|Any CPU
		{D8726744-528B-44FF-B478-91CAEA295C22}.Ad-Hoc|ARM.ActiveCfg = Release|Any CPU
		{D8726744-528B-44FF-B478-91CAEA295C22}.Ad-Hoc|ARM.Build.0 = Release|Any CPU
		{D8726744-528B-44FF-B478-91CAEA295C22}.Ad-Hoc|ARM.Deploy.0 = Release|Any CPU
		{D8726744-528B-44FF-B478-91CAEA295C22}.Ad-Hoc|iPhone.ActiveCfg = Release|Any CPU
		{D8726744-528B-44FF-B478-91CAEA295C22}.Ad-Hoc|iPhone.Build.0 = Release|Any CPU
		{D8726744-528B-44FF-B478-91CAEA295C22}.Ad-Hoc|iPhone.Deploy.0 = Release|Any CPU
		{D8726744-528B-44FF-B478-91CAEA295C22}.Ad-Hoc|iPhoneSimulator.ActiveCfg = Release|Any CPU
		{D8726744-528B-44FF-B478-91CAEA295C22}.Ad-Hoc|iPhoneSimulator.Build.0 = Release|Any CPU
		{D8726744-528B-44FF-B478-91CAEA295C22}.Ad-Hoc|iPhoneSimulator.Deploy.0 = Release|Any CPU
		{D8726744-528B-44FF-B478-91CAEA295C22}.Ad-Hoc|x64.ActiveCfg = Release|Any CPU
		{D8726744-528B-44FF-B478-91CAEA295C22}.Ad-Hoc|x64.Build.0 = Release|Any CPU
		{D8726744-528B-44FF-B478-91CAEA295C22}.Ad-Hoc|x64.Deploy.0 = Release|Any CPU
		{D8726744-528B-44FF-B478-91CAEA295C22}.Ad-Hoc|x86.ActiveCfg = Release|Any CPU
		{D8726744-528B-44FF-B478-91CAEA295C22}.Ad-Hoc|x86.Build.0 = Release|Any CPU
		{D8726744-528B-44FF-B478-91CAEA295C22}.Ad-Hoc|x86.Deploy.0 = Release|Any CPU
		{D8726744-528B-44FF-B478-91CAEA295C22}.AppStore|Any CPU.ActiveCfg = Release|Any CPU
		{D8726744-528B-44FF-B478-91CAEA295C22}.AppStore|Any CPU.Build.0 = Release|Any CPU
		{D8726744-528B-44FF-B478-91CAEA295C22}.AppStore|Any CPU.Deploy.0 = Release|Any CPU
		{D8726744-528B-44FF-B478-91CAEA295C22}.AppStore|ARM.ActiveCfg = Release|Any CPU
		{D8726744-528B-44FF-B478-91CAEA295C22}.AppStore|ARM.Build.0 = Release|Any CPU
		{D8726744-528B-44FF-B478-91CAEA295C22}.AppStore|ARM.Deploy.0 = Release|Any CPU
		{D8726744-528B-44FF-B478-91CAEA295C22}.AppStore|iPhone.ActiveCfg = Release|Any CPU
		{D8726744-528B-44FF-B478-91CAEA295C22}.AppStore|iPhone.Build.0 = Release|Any CPU
		{D8726744-528B-44FF-B478-91CAEA295C22}.AppStore|iPhone.Deploy.0 = Release|Any CPU
		{D8726744-528B-44FF-B478-91CAEA295C22}.AppStore|iPhoneSimulator.ActiveCfg = Release|Any CPU
		{D8726744-528B-44FF-B478-91CAEA295C22}.AppStore|iPhoneSimulator.Build.0 = Release|Any CPU
		{D8726744-528B-44FF-B478-91CAEA295C22}.AppStore|iPhoneSimulator.Deploy.0 = Release|Any CPU
		{D8726744-528B-44FF-B478-91CAEA295C22}.AppStore|x64.ActiveCfg = Release|Any CPU
		{D8726744-528B-44FF-B478-91CAEA295C22}.AppStore|x64.Build.0 = Release|Any CPU
		{D8726744-528B-44FF-B478-91CAEA295C22}.AppStore|x64.Deploy.0 = Release|Any CPU
		{D8726744-528B-44FF-B478-91CAEA295C22}.AppStore|x86.ActiveCfg = Release|Any CPU
		{D8726744-528B-44FF-B478-91CAEA295C22}.AppStore|x86.Build.0 = Release|Any CPU
		{D8726744-528B-44FF-B478-91CAEA295C22}.AppStore|x86.Deploy.0 = Release|Any CPU
		{D8726744-528B-44FF-B478-91CAEA295C22}.Debug|Any CPU.ActiveCfg = Debug|Any CPU
		{D8726744-528B-44FF-B478-91CAEA295C22}.Debug|Any CPU.Build.0 = Debug|Any CPU
		{D8726744-528B-44FF-B478-91CAEA295C22}.Debug|Any CPU.Deploy.0 = Debug|Any CPU
		{D8726744-528B-44FF-B478-91CAEA295C22}.Debug|ARM.ActiveCfg = Debug|Any CPU
		{D8726744-528B-44FF-B478-91CAEA295C22}.Debug|ARM.Build.0 = Debug|Any CPU
		{D8726744-528B-44FF-B478-91CAEA295C22}.Debug|ARM.Deploy.0 = Debug|Any CPU
		{D8726744-528B-44FF-B478-91CAEA295C22}.Debug|iPhone.ActiveCfg = Debug|Any CPU
		{D8726744-528B-44FF-B478-91CAEA295C22}.Debug|iPhone.Build.0 = Debug|Any CPU
		{D8726744-528B-44FF-B478-91CAEA295C22}.Debug|iPhone.Deploy.0 = Debug|Any CPU
		{D8726744-528B-44FF-B478-91CAEA295C22}.Debug|iPhoneSimulator.ActiveCfg = Debug|Any CPU
		{D8726744-528B-44FF-B478-91CAEA295C22}.Debug|iPhoneSimulator.Build.0 = Debug|Any CPU
		{D8726744-528B-44FF-B478-91CAEA295C22}.Debug|iPhoneSimulator.Deploy.0 = Debug|Any CPU
		{D8726744-528B-44FF-B478-91CAEA295C22}.Debug|x64.ActiveCfg = Debug|Any CPU
		{D8726744-528B-44FF-B478-91CAEA295C22}.Debug|x64.Build.0 = Debug|Any CPU
		{D8726744-528B-44FF-B478-91CAEA295C22}.Debug|x64.Deploy.0 = Debug|Any CPU
		{D8726744-528B-44FF-B478-91CAEA295C22}.Debug|x86.ActiveCfg = Debug|Any CPU
		{D8726744-528B-44FF-B478-91CAEA295C22}.Debug|x86.Build.0 = Debug|Any CPU
		{D8726744-528B-44FF-B478-91CAEA295C22}.Debug|x86.Deploy.0 = Debug|Any CPU
		{D8726744-528B-44FF-B478-91CAEA295C22}.Release|Any CPU.ActiveCfg = Release|Any CPU
		{D8726744-528B-44FF-B478-91CAEA295C22}.Release|Any CPU.Build.0 = Release|Any CPU
		{D8726744-528B-44FF-B478-91CAEA295C22}.Release|Any CPU.Deploy.0 = Release|Any CPU
		{D8726744-528B-44FF-B478-91CAEA295C22}.Release|ARM.ActiveCfg = Release|Any CPU
		{D8726744-528B-44FF-B478-91CAEA295C22}.Release|ARM.Build.0 = Release|Any CPU
		{D8726744-528B-44FF-B478-91CAEA295C22}.Release|ARM.Deploy.0 = Release|Any CPU
		{D8726744-528B-44FF-B478-91CAEA295C22}.Release|iPhone.ActiveCfg = Release|Any CPU
		{D8726744-528B-44FF-B478-91CAEA295C22}.Release|iPhone.Build.0 = Release|Any CPU
		{D8726744-528B-44FF-B478-91CAEA295C22}.Release|iPhone.Deploy.0 = Release|Any CPU
		{D8726744-528B-44FF-B478-91CAEA295C22}.Release|iPhoneSimulator.ActiveCfg = Release|Any CPU
		{D8726744-528B-44FF-B478-91CAEA295C22}.Release|iPhoneSimulator.Build.0 = Release|Any CPU
		{D8726744-528B-44FF-B478-91CAEA295C22}.Release|iPhoneSimulator.Deploy.0 = Release|Any CPU
		{D8726744-528B-44FF-B478-91CAEA295C22}.Release|x64.ActiveCfg = Release|Any CPU
		{D8726744-528B-44FF-B478-91CAEA295C22}.Release|x64.Build.0 = Release|Any CPU
		{D8726744-528B-44FF-B478-91CAEA295C22}.Release|x64.Deploy.0 = Release|Any CPU
		{D8726744-528B-44FF-B478-91CAEA295C22}.Release|x86.ActiveCfg = Release|Any CPU
		{D8726744-528B-44FF-B478-91CAEA295C22}.Release|x86.Build.0 = Release|Any CPU
		{D8726744-528B-44FF-B478-91CAEA295C22}.Release|x86.Deploy.0 = Release|Any CPU
		{EAC1A57B-5C4A-4256-88BA-C12031159B78}.Ad-Hoc|Any CPU.ActiveCfg = Ad-Hoc|iPhone
		{EAC1A57B-5C4A-4256-88BA-C12031159B78}.Ad-Hoc|ARM.ActiveCfg = Ad-Hoc|iPhone
		{EAC1A57B-5C4A-4256-88BA-C12031159B78}.Ad-Hoc|iPhone.ActiveCfg = Ad-Hoc|iPhone
		{EAC1A57B-5C4A-4256-88BA-C12031159B78}.Ad-Hoc|iPhone.Build.0 = Ad-Hoc|iPhone
		{EAC1A57B-5C4A-4256-88BA-C12031159B78}.Ad-Hoc|iPhoneSimulator.ActiveCfg = Ad-Hoc|iPhoneSimulator
		{EAC1A57B-5C4A-4256-88BA-C12031159B78}.Ad-Hoc|iPhoneSimulator.Build.0 = Ad-Hoc|iPhoneSimulator
		{EAC1A57B-5C4A-4256-88BA-C12031159B78}.Ad-Hoc|x64.ActiveCfg = Ad-Hoc|iPhone
		{EAC1A57B-5C4A-4256-88BA-C12031159B78}.Ad-Hoc|x86.ActiveCfg = Ad-Hoc|iPhone
		{EAC1A57B-5C4A-4256-88BA-C12031159B78}.AppStore|Any CPU.ActiveCfg = AppStore|iPhone
		{EAC1A57B-5C4A-4256-88BA-C12031159B78}.AppStore|ARM.ActiveCfg = AppStore|iPhone
		{EAC1A57B-5C4A-4256-88BA-C12031159B78}.AppStore|iPhone.ActiveCfg = AppStore|iPhone
		{EAC1A57B-5C4A-4256-88BA-C12031159B78}.AppStore|iPhone.Build.0 = AppStore|iPhone
		{EAC1A57B-5C4A-4256-88BA-C12031159B78}.AppStore|iPhoneSimulator.ActiveCfg = AppStore|iPhoneSimulator
		{EAC1A57B-5C4A-4256-88BA-C12031159B78}.AppStore|iPhoneSimulator.Build.0 = AppStore|iPhoneSimulator
		{EAC1A57B-5C4A-4256-88BA-C12031159B78}.AppStore|x64.ActiveCfg = AppStore|iPhone
		{EAC1A57B-5C4A-4256-88BA-C12031159B78}.AppStore|x86.ActiveCfg = AppStore|iPhone
		{EAC1A57B-5C4A-4256-88BA-C12031159B78}.Debug|Any CPU.ActiveCfg = Debug|iPhone
		{EAC1A57B-5C4A-4256-88BA-C12031159B78}.Debug|ARM.ActiveCfg = Debug|iPhone
		{EAC1A57B-5C4A-4256-88BA-C12031159B78}.Debug|iPhone.ActiveCfg = Debug|iPhone
		{EAC1A57B-5C4A-4256-88BA-C12031159B78}.Debug|iPhone.Build.0 = Debug|iPhone
		{EAC1A57B-5C4A-4256-88BA-C12031159B78}.Debug|iPhoneSimulator.ActiveCfg = Debug|iPhoneSimulator
		{EAC1A57B-5C4A-4256-88BA-C12031159B78}.Debug|iPhoneSimulator.Build.0 = Debug|iPhoneSimulator
		{EAC1A57B-5C4A-4256-88BA-C12031159B78}.Debug|x64.ActiveCfg = Debug|iPhone
		{EAC1A57B-5C4A-4256-88BA-C12031159B78}.Debug|x86.ActiveCfg = Debug|iPhone
		{EAC1A57B-5C4A-4256-88BA-C12031159B78}.Release|Any CPU.ActiveCfg = Release|iPhone
		{EAC1A57B-5C4A-4256-88BA-C12031159B78}.Release|ARM.ActiveCfg = Release|iPhone
		{EAC1A57B-5C4A-4256-88BA-C12031159B78}.Release|iPhone.ActiveCfg = Release|iPhone
		{EAC1A57B-5C4A-4256-88BA-C12031159B78}.Release|iPhone.Build.0 = Release|iPhone
		{EAC1A57B-5C4A-4256-88BA-C12031159B78}.Release|iPhoneSimulator.ActiveCfg = Release|iPhoneSimulator
		{EAC1A57B-5C4A-4256-88BA-C12031159B78}.Release|iPhoneSimulator.Build.0 = Release|iPhoneSimulator
		{EAC1A57B-5C4A-4256-88BA-C12031159B78}.Release|x64.ActiveCfg = Release|iPhone
		{EAC1A57B-5C4A-4256-88BA-C12031159B78}.Release|x86.ActiveCfg = Release|iPhone
		{508B4AB5-D36F-4E87-88A3-F2548CF45B0F}.Ad-Hoc|Any CPU.ActiveCfg = Release|Any CPU
		{508B4AB5-D36F-4E87-88A3-F2548CF45B0F}.Ad-Hoc|Any CPU.Build.0 = Release|Any CPU
		{508B4AB5-D36F-4E87-88A3-F2548CF45B0F}.Ad-Hoc|Any CPU.Deploy.0 = Release|Any CPU
		{508B4AB5-D36F-4E87-88A3-F2548CF45B0F}.Ad-Hoc|ARM.ActiveCfg = Release|ARM
		{508B4AB5-D36F-4E87-88A3-F2548CF45B0F}.Ad-Hoc|ARM.Build.0 = Release|ARM
		{508B4AB5-D36F-4E87-88A3-F2548CF45B0F}.Ad-Hoc|ARM.Deploy.0 = Release|ARM
		{508B4AB5-D36F-4E87-88A3-F2548CF45B0F}.Ad-Hoc|iPhone.ActiveCfg = Release|Any CPU
		{508B4AB5-D36F-4E87-88A3-F2548CF45B0F}.Ad-Hoc|iPhone.Build.0 = Release|Any CPU
		{508B4AB5-D36F-4E87-88A3-F2548CF45B0F}.Ad-Hoc|iPhone.Deploy.0 = Release|Any CPU
		{508B4AB5-D36F-4E87-88A3-F2548CF45B0F}.Ad-Hoc|iPhoneSimulator.ActiveCfg = Release|Any CPU
		{508B4AB5-D36F-4E87-88A3-F2548CF45B0F}.Ad-Hoc|iPhoneSimulator.Build.0 = Release|Any CPU
		{508B4AB5-D36F-4E87-88A3-F2548CF45B0F}.Ad-Hoc|iPhoneSimulator.Deploy.0 = Release|Any CPU
		{508B4AB5-D36F-4E87-88A3-F2548CF45B0F}.Ad-Hoc|x64.ActiveCfg = Release|Any CPU
		{508B4AB5-D36F-4E87-88A3-F2548CF45B0F}.Ad-Hoc|x64.Build.0 = Release|Any CPU
		{508B4AB5-D36F-4E87-88A3-F2548CF45B0F}.Ad-Hoc|x64.Deploy.0 = Release|Any CPU
		{508B4AB5-D36F-4E87-88A3-F2548CF45B0F}.Ad-Hoc|x86.ActiveCfg = Release|x86
		{508B4AB5-D36F-4E87-88A3-F2548CF45B0F}.Ad-Hoc|x86.Build.0 = Release|x86
		{508B4AB5-D36F-4E87-88A3-F2548CF45B0F}.Ad-Hoc|x86.Deploy.0 = Release|x86
		{508B4AB5-D36F-4E87-88A3-F2548CF45B0F}.AppStore|Any CPU.ActiveCfg = Release|Any CPU
		{508B4AB5-D36F-4E87-88A3-F2548CF45B0F}.AppStore|Any CPU.Build.0 = Release|Any CPU
		{508B4AB5-D36F-4E87-88A3-F2548CF45B0F}.AppStore|Any CPU.Deploy.0 = Release|Any CPU
		{508B4AB5-D36F-4E87-88A3-F2548CF45B0F}.AppStore|ARM.ActiveCfg = Release|ARM
		{508B4AB5-D36F-4E87-88A3-F2548CF45B0F}.AppStore|ARM.Build.0 = Release|ARM
		{508B4AB5-D36F-4E87-88A3-F2548CF45B0F}.AppStore|ARM.Deploy.0 = Release|ARM
		{508B4AB5-D36F-4E87-88A3-F2548CF45B0F}.AppStore|iPhone.ActiveCfg = Release|Any CPU
		{508B4AB5-D36F-4E87-88A3-F2548CF45B0F}.AppStore|iPhone.Build.0 = Release|Any CPU
		{508B4AB5-D36F-4E87-88A3-F2548CF45B0F}.AppStore|iPhone.Deploy.0 = Release|Any CPU
		{508B4AB5-D36F-4E87-88A3-F2548CF45B0F}.AppStore|iPhoneSimulator.ActiveCfg = Release|Any CPU
		{508B4AB5-D36F-4E87-88A3-F2548CF45B0F}.AppStore|iPhoneSimulator.Build.0 = Release|Any CPU
		{508B4AB5-D36F-4E87-88A3-F2548CF45B0F}.AppStore|iPhoneSimulator.Deploy.0 = Release|Any CPU
		{508B4AB5-D36F-4E87-88A3-F2548CF45B0F}.AppStore|x64.ActiveCfg = Release|Any CPU
		{508B4AB5-D36F-4E87-88A3-F2548CF45B0F}.AppStore|x64.Build.0 = Release|Any CPU
		{508B4AB5-D36F-4E87-88A3-F2548CF45B0F}.AppStore|x64.Deploy.0 = Release|Any CPU
		{508B4AB5-D36F-4E87-88A3-F2548CF45B0F}.AppStore|x86.ActiveCfg = Release|x86
		{508B4AB5-D36F-4E87-88A3-F2548CF45B0F}.AppStore|x86.Build.0 = Release|x86
		{508B4AB5-D36F-4E87-88A3-F2548CF45B0F}.AppStore|x86.Deploy.0 = Release|x86
		{508B4AB5-D36F-4E87-88A3-F2548CF45B0F}.Debug|Any CPU.ActiveCfg = Debug|Any CPU
		{508B4AB5-D36F-4E87-88A3-F2548CF45B0F}.Debug|Any CPU.Build.0 = Debug|Any CPU
		{508B4AB5-D36F-4E87-88A3-F2548CF45B0F}.Debug|Any CPU.Deploy.0 = Debug|Any CPU
		{508B4AB5-D36F-4E87-88A3-F2548CF45B0F}.Debug|ARM.ActiveCfg = Debug|ARM
		{508B4AB5-D36F-4E87-88A3-F2548CF45B0F}.Debug|ARM.Build.0 = Debug|ARM
		{508B4AB5-D36F-4E87-88A3-F2548CF45B0F}.Debug|ARM.Deploy.0 = Debug|ARM
		{508B4AB5-D36F-4E87-88A3-F2548CF45B0F}.Debug|iPhone.ActiveCfg = Debug|Any CPU
		{508B4AB5-D36F-4E87-88A3-F2548CF45B0F}.Debug|iPhone.Build.0 = Debug|Any CPU
		{508B4AB5-D36F-4E87-88A3-F2548CF45B0F}.Debug|iPhone.Deploy.0 = Debug|Any CPU
		{508B4AB5-D36F-4E87-88A3-F2548CF45B0F}.Debug|iPhoneSimulator.ActiveCfg = Debug|Any CPU
		{508B4AB5-D36F-4E87-88A3-F2548CF45B0F}.Debug|iPhoneSimulator.Build.0 = Debug|Any CPU
		{508B4AB5-D36F-4E87-88A3-F2548CF45B0F}.Debug|iPhoneSimulator.Deploy.0 = Debug|Any CPU
		{508B4AB5-D36F-4E87-88A3-F2548CF45B0F}.Debug|x64.ActiveCfg = Debug|Any CPU
		{508B4AB5-D36F-4E87-88A3-F2548CF45B0F}.Debug|x64.Build.0 = Debug|Any CPU
		{508B4AB5-D36F-4E87-88A3-F2548CF45B0F}.Debug|x64.Deploy.0 = Debug|Any CPU
		{508B4AB5-D36F-4E87-88A3-F2548CF45B0F}.Debug|x86.ActiveCfg = Debug|x86
		{508B4AB5-D36F-4E87-88A3-F2548CF45B0F}.Debug|x86.Build.0 = Debug|x86
		{508B4AB5-D36F-4E87-88A3-F2548CF45B0F}.Debug|x86.Deploy.0 = Debug|x86
		{508B4AB5-D36F-4E87-88A3-F2548CF45B0F}.Release|Any CPU.ActiveCfg = Release|Any CPU
		{508B4AB5-D36F-4E87-88A3-F2548CF45B0F}.Release|Any CPU.Build.0 = Release|Any CPU
		{508B4AB5-D36F-4E87-88A3-F2548CF45B0F}.Release|Any CPU.Deploy.0 = Release|Any CPU
		{508B4AB5-D36F-4E87-88A3-F2548CF45B0F}.Release|ARM.ActiveCfg = Release|ARM
		{508B4AB5-D36F-4E87-88A3-F2548CF45B0F}.Release|ARM.Build.0 = Release|ARM
		{508B4AB5-D36F-4E87-88A3-F2548CF45B0F}.Release|ARM.Deploy.0 = Release|ARM
		{508B4AB5-D36F-4E87-88A3-F2548CF45B0F}.Release|iPhone.ActiveCfg = Release|Any CPU
		{508B4AB5-D36F-4E87-88A3-F2548CF45B0F}.Release|iPhone.Build.0 = Release|Any CPU
		{508B4AB5-D36F-4E87-88A3-F2548CF45B0F}.Release|iPhone.Deploy.0 = Release|Any CPU
		{508B4AB5-D36F-4E87-88A3-F2548CF45B0F}.Release|iPhoneSimulator.ActiveCfg = Release|Any CPU
		{508B4AB5-D36F-4E87-88A3-F2548CF45B0F}.Release|iPhoneSimulator.Build.0 = Release|Any CPU
		{508B4AB5-D36F-4E87-88A3-F2548CF45B0F}.Release|iPhoneSimulator.Deploy.0 = Release|Any CPU
		{508B4AB5-D36F-4E87-88A3-F2548CF45B0F}.Release|x64.ActiveCfg = Release|Any CPU
		{508B4AB5-D36F-4E87-88A3-F2548CF45B0F}.Release|x64.Build.0 = Release|Any CPU
		{508B4AB5-D36F-4E87-88A3-F2548CF45B0F}.Release|x64.Deploy.0 = Release|Any CPU
		{508B4AB5-D36F-4E87-88A3-F2548CF45B0F}.Release|x86.ActiveCfg = Release|x86
		{508B4AB5-D36F-4E87-88A3-F2548CF45B0F}.Release|x86.Build.0 = Release|x86
		{508B4AB5-D36F-4E87-88A3-F2548CF45B0F}.Release|x86.Deploy.0 = Release|x86
		{07C4BE9D-C3F0-4D3A-8D52-0EE8FB8E35A9}.Ad-Hoc|Any CPU.ActiveCfg = Release|x86
		{07C4BE9D-C3F0-4D3A-8D52-0EE8FB8E35A9}.Ad-Hoc|Any CPU.Build.0 = Release|x86
		{07C4BE9D-C3F0-4D3A-8D52-0EE8FB8E35A9}.Ad-Hoc|Any CPU.Deploy.0 = Release|x86
		{07C4BE9D-C3F0-4D3A-8D52-0EE8FB8E35A9}.Ad-Hoc|ARM.ActiveCfg = Release|ARM
		{07C4BE9D-C3F0-4D3A-8D52-0EE8FB8E35A9}.Ad-Hoc|ARM.Build.0 = Release|ARM
		{07C4BE9D-C3F0-4D3A-8D52-0EE8FB8E35A9}.Ad-Hoc|ARM.Deploy.0 = Release|ARM
		{07C4BE9D-C3F0-4D3A-8D52-0EE8FB8E35A9}.Ad-Hoc|iPhone.ActiveCfg = Release|x86
		{07C4BE9D-C3F0-4D3A-8D52-0EE8FB8E35A9}.Ad-Hoc|iPhone.Build.0 = Release|x86
		{07C4BE9D-C3F0-4D3A-8D52-0EE8FB8E35A9}.Ad-Hoc|iPhone.Deploy.0 = Release|x86
		{07C4BE9D-C3F0-4D3A-8D52-0EE8FB8E35A9}.Ad-Hoc|iPhoneSimulator.ActiveCfg = Release|x86
		{07C4BE9D-C3F0-4D3A-8D52-0EE8FB8E35A9}.Ad-Hoc|iPhoneSimulator.Build.0 = Release|x86
		{07C4BE9D-C3F0-4D3A-8D52-0EE8FB8E35A9}.Ad-Hoc|iPhoneSimulator.Deploy.0 = Release|x86
		{07C4BE9D-C3F0-4D3A-8D52-0EE8FB8E35A9}.Ad-Hoc|x64.ActiveCfg = Release|x64
		{07C4BE9D-C3F0-4D3A-8D52-0EE8FB8E35A9}.Ad-Hoc|x64.Build.0 = Release|x64
		{07C4BE9D-C3F0-4D3A-8D52-0EE8FB8E35A9}.Ad-Hoc|x64.Deploy.0 = Release|x64
		{07C4BE9D-C3F0-4D3A-8D52-0EE8FB8E35A9}.Ad-Hoc|x86.ActiveCfg = Release|x86
		{07C4BE9D-C3F0-4D3A-8D52-0EE8FB8E35A9}.Ad-Hoc|x86.Build.0 = Release|x86
		{07C4BE9D-C3F0-4D3A-8D52-0EE8FB8E35A9}.Ad-Hoc|x86.Deploy.0 = Release|x86
		{07C4BE9D-C3F0-4D3A-8D52-0EE8FB8E35A9}.AppStore|Any CPU.ActiveCfg = Release|x86
		{07C4BE9D-C3F0-4D3A-8D52-0EE8FB8E35A9}.AppStore|Any CPU.Build.0 = Release|x86
		{07C4BE9D-C3F0-4D3A-8D52-0EE8FB8E35A9}.AppStore|Any CPU.Deploy.0 = Release|x86
		{07C4BE9D-C3F0-4D3A-8D52-0EE8FB8E35A9}.AppStore|ARM.ActiveCfg = Release|ARM
		{07C4BE9D-C3F0-4D3A-8D52-0EE8FB8E35A9}.AppStore|ARM.Build.0 = Release|ARM
		{07C4BE9D-C3F0-4D3A-8D52-0EE8FB8E35A9}.AppStore|ARM.Deploy.0 = Release|ARM
		{07C4BE9D-C3F0-4D3A-8D52-0EE8FB8E35A9}.AppStore|iPhone.ActiveCfg = Release|x86
		{07C4BE9D-C3F0-4D3A-8D52-0EE8FB8E35A9}.AppStore|iPhone.Build.0 = Release|x86
		{07C4BE9D-C3F0-4D3A-8D52-0EE8FB8E35A9}.AppStore|iPhone.Deploy.0 = Release|x86
		{07C4BE9D-C3F0-4D3A-8D52-0EE8FB8E35A9}.AppStore|iPhoneSimulator.ActiveCfg = Release|x86
		{07C4BE9D-C3F0-4D3A-8D52-0EE8FB8E35A9}.AppStore|iPhoneSimulator.Build.0 = Release|x86
		{07C4BE9D-C3F0-4D3A-8D52-0EE8FB8E35A9}.AppStore|iPhoneSimulator.Deploy.0 = Release|x86
		{07C4BE9D-C3F0-4D3A-8D52-0EE8FB8E35A9}.AppStore|x64.ActiveCfg = Release|x64
		{07C4BE9D-C3F0-4D3A-8D52-0EE8FB8E35A9}.AppStore|x64.Build.0 = Release|x64
		{07C4BE9D-C3F0-4D3A-8D52-0EE8FB8E35A9}.AppStore|x64.Deploy.0 = Release|x64
		{07C4BE9D-C3F0-4D3A-8D52-0EE8FB8E35A9}.AppStore|x86.ActiveCfg = Release|x86
		{07C4BE9D-C3F0-4D3A-8D52-0EE8FB8E35A9}.AppStore|x86.Build.0 = Release|x86
		{07C4BE9D-C3F0-4D3A-8D52-0EE8FB8E35A9}.AppStore|x86.Deploy.0 = Release|x86
		{07C4BE9D-C3F0-4D3A-8D52-0EE8FB8E35A9}.Debug|Any CPU.ActiveCfg = Debug|x86
		{07C4BE9D-C3F0-4D3A-8D52-0EE8FB8E35A9}.Debug|ARM.ActiveCfg = Debug|ARM
		{07C4BE9D-C3F0-4D3A-8D52-0EE8FB8E35A9}.Debug|ARM.Build.0 = Debug|ARM
		{07C4BE9D-C3F0-4D3A-8D52-0EE8FB8E35A9}.Debug|ARM.Deploy.0 = Debug|ARM
		{07C4BE9D-C3F0-4D3A-8D52-0EE8FB8E35A9}.Debug|iPhone.ActiveCfg = Debug|x86
		{07C4BE9D-C3F0-4D3A-8D52-0EE8FB8E35A9}.Debug|iPhoneSimulator.ActiveCfg = Debug|x86
		{07C4BE9D-C3F0-4D3A-8D52-0EE8FB8E35A9}.Debug|x64.ActiveCfg = Debug|x64
		{07C4BE9D-C3F0-4D3A-8D52-0EE8FB8E35A9}.Debug|x64.Build.0 = Debug|x64
		{07C4BE9D-C3F0-4D3A-8D52-0EE8FB8E35A9}.Debug|x64.Deploy.0 = Debug|x64
		{07C4BE9D-C3F0-4D3A-8D52-0EE8FB8E35A9}.Debug|x86.ActiveCfg = Debug|x86
		{07C4BE9D-C3F0-4D3A-8D52-0EE8FB8E35A9}.Debug|x86.Build.0 = Debug|x86
		{07C4BE9D-C3F0-4D3A-8D52-0EE8FB8E35A9}.Debug|x86.Deploy.0 = Debug|x86
		{07C4BE9D-C3F0-4D3A-8D52-0EE8FB8E35A9}.Release|Any CPU.ActiveCfg = Release|x86
		{07C4BE9D-C3F0-4D3A-8D52-0EE8FB8E35A9}.Release|ARM.ActiveCfg = Release|ARM
		{07C4BE9D-C3F0-4D3A-8D52-0EE8FB8E35A9}.Release|ARM.Build.0 = Release|ARM
		{07C4BE9D-C3F0-4D3A-8D52-0EE8FB8E35A9}.Release|ARM.Deploy.0 = Release|ARM
		{07C4BE9D-C3F0-4D3A-8D52-0EE8FB8E35A9}.Release|iPhone.ActiveCfg = Release|x86
		{07C4BE9D-C3F0-4D3A-8D52-0EE8FB8E35A9}.Release|iPhoneSimulator.ActiveCfg = Release|x86
		{07C4BE9D-C3F0-4D3A-8D52-0EE8FB8E35A9}.Release|x64.ActiveCfg = Release|x64
		{07C4BE9D-C3F0-4D3A-8D52-0EE8FB8E35A9}.Release|x64.Build.0 = Release|x64
		{07C4BE9D-C3F0-4D3A-8D52-0EE8FB8E35A9}.Release|x64.Deploy.0 = Release|x64
		{07C4BE9D-C3F0-4D3A-8D52-0EE8FB8E35A9}.Release|x86.ActiveCfg = Release|x86
		{07C4BE9D-C3F0-4D3A-8D52-0EE8FB8E35A9}.Release|x86.Build.0 = Release|x86
		{07C4BE9D-C3F0-4D3A-8D52-0EE8FB8E35A9}.Release|x86.Deploy.0 = Release|x86
		{66FBDB02-C968-4B41-9362-5ACAEFF75956}.Ad-Hoc|Any CPU.ActiveCfg = Release|Any CPU
		{66FBDB02-C968-4B41-9362-5ACAEFF75956}.Ad-Hoc|Any CPU.Build.0 = Release|Any CPU
		{66FBDB02-C968-4B41-9362-5ACAEFF75956}.Ad-Hoc|Any CPU.Deploy.0 = Release|Any CPU
		{66FBDB02-C968-4B41-9362-5ACAEFF75956}.Ad-Hoc|ARM.ActiveCfg = Release|ARM
		{66FBDB02-C968-4B41-9362-5ACAEFF75956}.Ad-Hoc|ARM.Build.0 = Release|ARM
		{66FBDB02-C968-4B41-9362-5ACAEFF75956}.Ad-Hoc|ARM.Deploy.0 = Release|ARM
		{66FBDB02-C968-4B41-9362-5ACAEFF75956}.Ad-Hoc|iPhone.ActiveCfg = Release|Any CPU
		{66FBDB02-C968-4B41-9362-5ACAEFF75956}.Ad-Hoc|iPhone.Build.0 = Release|Any CPU
		{66FBDB02-C968-4B41-9362-5ACAEFF75956}.Ad-Hoc|iPhone.Deploy.0 = Release|Any CPU
		{66FBDB02-C968-4B41-9362-5ACAEFF75956}.Ad-Hoc|iPhoneSimulator.ActiveCfg = Release|Any CPU
		{66FBDB02-C968-4B41-9362-5ACAEFF75956}.Ad-Hoc|iPhoneSimulator.Build.0 = Release|Any CPU
		{66FBDB02-C968-4B41-9362-5ACAEFF75956}.Ad-Hoc|iPhoneSimulator.Deploy.0 = Release|Any CPU
		{66FBDB02-C968-4B41-9362-5ACAEFF75956}.Ad-Hoc|x64.ActiveCfg = Release|x64
		{66FBDB02-C968-4B41-9362-5ACAEFF75956}.Ad-Hoc|x64.Build.0 = Release|x64
		{66FBDB02-C968-4B41-9362-5ACAEFF75956}.Ad-Hoc|x64.Deploy.0 = Release|x64
		{66FBDB02-C968-4B41-9362-5ACAEFF75956}.Ad-Hoc|x86.ActiveCfg = Release|x86
		{66FBDB02-C968-4B41-9362-5ACAEFF75956}.Ad-Hoc|x86.Build.0 = Release|x86
		{66FBDB02-C968-4B41-9362-5ACAEFF75956}.Ad-Hoc|x86.Deploy.0 = Release|x86
		{66FBDB02-C968-4B41-9362-5ACAEFF75956}.AppStore|Any CPU.ActiveCfg = Release|Any CPU
		{66FBDB02-C968-4B41-9362-5ACAEFF75956}.AppStore|Any CPU.Build.0 = Release|Any CPU
		{66FBDB02-C968-4B41-9362-5ACAEFF75956}.AppStore|Any CPU.Deploy.0 = Release|Any CPU
		{66FBDB02-C968-4B41-9362-5ACAEFF75956}.AppStore|ARM.ActiveCfg = Release|ARM
		{66FBDB02-C968-4B41-9362-5ACAEFF75956}.AppStore|ARM.Build.0 = Release|ARM
		{66FBDB02-C968-4B41-9362-5ACAEFF75956}.AppStore|ARM.Deploy.0 = Release|ARM
		{66FBDB02-C968-4B41-9362-5ACAEFF75956}.AppStore|iPhone.ActiveCfg = Release|Any CPU
		{66FBDB02-C968-4B41-9362-5ACAEFF75956}.AppStore|iPhone.Build.0 = Release|Any CPU
		{66FBDB02-C968-4B41-9362-5ACAEFF75956}.AppStore|iPhone.Deploy.0 = Release|Any CPU
		{66FBDB02-C968-4B41-9362-5ACAEFF75956}.AppStore|iPhoneSimulator.ActiveCfg = Release|Any CPU
		{66FBDB02-C968-4B41-9362-5ACAEFF75956}.AppStore|iPhoneSimulator.Build.0 = Release|Any CPU
		{66FBDB02-C968-4B41-9362-5ACAEFF75956}.AppStore|iPhoneSimulator.Deploy.0 = Release|Any CPU
		{66FBDB02-C968-4B41-9362-5ACAEFF75956}.AppStore|x64.ActiveCfg = Release|x64
		{66FBDB02-C968-4B41-9362-5ACAEFF75956}.AppStore|x64.Build.0 = Release|x64
		{66FBDB02-C968-4B41-9362-5ACAEFF75956}.AppStore|x64.Deploy.0 = Release|x64
		{66FBDB02-C968-4B41-9362-5ACAEFF75956}.AppStore|x86.ActiveCfg = Release|x86
		{66FBDB02-C968-4B41-9362-5ACAEFF75956}.AppStore|x86.Build.0 = Release|x86
		{66FBDB02-C968-4B41-9362-5ACAEFF75956}.AppStore|x86.Deploy.0 = Release|x86
		{66FBDB02-C968-4B41-9362-5ACAEFF75956}.Debug|Any CPU.ActiveCfg = Debug|Any CPU
		{66FBDB02-C968-4B41-9362-5ACAEFF75956}.Debug|Any CPU.Build.0 = Debug|Any CPU
		{66FBDB02-C968-4B41-9362-5ACAEFF75956}.Debug|Any CPU.Deploy.0 = Debug|Any CPU
		{66FBDB02-C968-4B41-9362-5ACAEFF75956}.Debug|ARM.ActiveCfg = Debug|ARM
		{66FBDB02-C968-4B41-9362-5ACAEFF75956}.Debug|ARM.Build.0 = Debug|ARM
		{66FBDB02-C968-4B41-9362-5ACAEFF75956}.Debug|ARM.Deploy.0 = Debug|ARM
		{66FBDB02-C968-4B41-9362-5ACAEFF75956}.Debug|iPhone.ActiveCfg = Debug|Any CPU
		{66FBDB02-C968-4B41-9362-5ACAEFF75956}.Debug|iPhone.Build.0 = Debug|Any CPU
		{66FBDB02-C968-4B41-9362-5ACAEFF75956}.Debug|iPhone.Deploy.0 = Debug|Any CPU
		{66FBDB02-C968-4B41-9362-5ACAEFF75956}.Debug|iPhoneSimulator.ActiveCfg = Debug|Any CPU
		{66FBDB02-C968-4B41-9362-5ACAEFF75956}.Debug|iPhoneSimulator.Build.0 = Debug|Any CPU
		{66FBDB02-C968-4B41-9362-5ACAEFF75956}.Debug|iPhoneSimulator.Deploy.0 = Debug|Any CPU
		{66FBDB02-C968-4B41-9362-5ACAEFF75956}.Debug|x64.ActiveCfg = Debug|x64
		{66FBDB02-C968-4B41-9362-5ACAEFF75956}.Debug|x64.Build.0 = Debug|x64
		{66FBDB02-C968-4B41-9362-5ACAEFF75956}.Debug|x64.Deploy.0 = Debug|x64
		{66FBDB02-C968-4B41-9362-5ACAEFF75956}.Debug|x86.ActiveCfg = Debug|x86
		{66FBDB02-C968-4B41-9362-5ACAEFF75956}.Debug|x86.Build.0 = Debug|x86
		{66FBDB02-C968-4B41-9362-5ACAEFF75956}.Debug|x86.Deploy.0 = Debug|x86
		{66FBDB02-C968-4B41-9362-5ACAEFF75956}.Release|Any CPU.ActiveCfg = Release|Any CPU
		{66FBDB02-C968-4B41-9362-5ACAEFF75956}.Release|Any CPU.Build.0 = Release|Any CPU
		{66FBDB02-C968-4B41-9362-5ACAEFF75956}.Release|Any CPU.Deploy.0 = Release|Any CPU
		{66FBDB02-C968-4B41-9362-5ACAEFF75956}.Release|ARM.ActiveCfg = Release|ARM
		{66FBDB02-C968-4B41-9362-5ACAEFF75956}.Release|ARM.Build.0 = Release|ARM
		{66FBDB02-C968-4B41-9362-5ACAEFF75956}.Release|ARM.Deploy.0 = Release|ARM
		{66FBDB02-C968-4B41-9362-5ACAEFF75956}.Release|iPhone.ActiveCfg = Release|Any CPU
		{66FBDB02-C968-4B41-9362-5ACAEFF75956}.Release|iPhone.Build.0 = Release|Any CPU
		{66FBDB02-C968-4B41-9362-5ACAEFF75956}.Release|iPhone.Deploy.0 = Release|Any CPU
		{66FBDB02-C968-4B41-9362-5ACAEFF75956}.Release|iPhoneSimulator.ActiveCfg = Release|Any CPU
		{66FBDB02-C968-4B41-9362-5ACAEFF75956}.Release|iPhoneSimulator.Build.0 = Release|Any CPU
		{66FBDB02-C968-4B41-9362-5ACAEFF75956}.Release|iPhoneSimulator.Deploy.0 = Release|Any CPU
		{66FBDB02-C968-4B41-9362-5ACAEFF75956}.Release|x64.ActiveCfg = Release|x64
		{66FBDB02-C968-4B41-9362-5ACAEFF75956}.Release|x64.Build.0 = Release|x64
		{66FBDB02-C968-4B41-9362-5ACAEFF75956}.Release|x64.Deploy.0 = Release|x64
		{66FBDB02-C968-4B41-9362-5ACAEFF75956}.Release|x86.ActiveCfg = Release|x86
		{66FBDB02-C968-4B41-9362-5ACAEFF75956}.Release|x86.Build.0 = Release|x86
		{66FBDB02-C968-4B41-9362-5ACAEFF75956}.Release|x86.Deploy.0 = Release|x86
		{F96F8618-AB62-41B8-8D9D-C8B753479B8B}.Ad-Hoc|Any CPU.ActiveCfg = Release|Any CPU
		{F96F8618-AB62-41B8-8D9D-C8B753479B8B}.Ad-Hoc|Any CPU.Build.0 = Release|Any CPU
		{F96F8618-AB62-41B8-8D9D-C8B753479B8B}.Ad-Hoc|ARM.ActiveCfg = Release|Any CPU
		{F96F8618-AB62-41B8-8D9D-C8B753479B8B}.Ad-Hoc|ARM.Build.0 = Release|Any CPU
		{F96F8618-AB62-41B8-8D9D-C8B753479B8B}.Ad-Hoc|iPhone.ActiveCfg = Release|Any CPU
		{F96F8618-AB62-41B8-8D9D-C8B753479B8B}.Ad-Hoc|iPhone.Build.0 = Release|Any CPU
		{F96F8618-AB62-41B8-8D9D-C8B753479B8B}.Ad-Hoc|iPhoneSimulator.ActiveCfg = Release|Any CPU
		{F96F8618-AB62-41B8-8D9D-C8B753479B8B}.Ad-Hoc|iPhoneSimulator.Build.0 = Release|Any CPU
		{F96F8618-AB62-41B8-8D9D-C8B753479B8B}.Ad-Hoc|x64.ActiveCfg = Release|Any CPU
		{F96F8618-AB62-41B8-8D9D-C8B753479B8B}.Ad-Hoc|x64.Build.0 = Release|Any CPU
		{F96F8618-AB62-41B8-8D9D-C8B753479B8B}.Ad-Hoc|x86.ActiveCfg = Release|Any CPU
		{F96F8618-AB62-41B8-8D9D-C8B753479B8B}.Ad-Hoc|x86.Build.0 = Release|Any CPU
		{F96F8618-AB62-41B8-8D9D-C8B753479B8B}.AppStore|Any CPU.ActiveCfg = Release|Any CPU
		{F96F8618-AB62-41B8-8D9D-C8B753479B8B}.AppStore|Any CPU.Build.0 = Release|Any CPU
		{F96F8618-AB62-41B8-8D9D-C8B753479B8B}.AppStore|ARM.ActiveCfg = Release|Any CPU
		{F96F8618-AB62-41B8-8D9D-C8B753479B8B}.AppStore|ARM.Build.0 = Release|Any CPU
		{F96F8618-AB62-41B8-8D9D-C8B753479B8B}.AppStore|iPhone.ActiveCfg = Release|Any CPU
		{F96F8618-AB62-41B8-8D9D-C8B753479B8B}.AppStore|iPhone.Build.0 = Release|Any CPU
		{F96F8618-AB62-41B8-8D9D-C8B753479B8B}.AppStore|iPhoneSimulator.ActiveCfg = Release|Any CPU
		{F96F8618-AB62-41B8-8D9D-C8B753479B8B}.AppStore|iPhoneSimulator.Build.0 = Release|Any CPU
		{F96F8618-AB62-41B8-8D9D-C8B753479B8B}.AppStore|x64.ActiveCfg = Release|Any CPU
		{F96F8618-AB62-41B8-8D9D-C8B753479B8B}.AppStore|x64.Build.0 = Release|Any CPU
		{F96F8618-AB62-41B8-8D9D-C8B753479B8B}.AppStore|x86.ActiveCfg = Release|Any CPU
		{F96F8618-AB62-41B8-8D9D-C8B753479B8B}.AppStore|x86.Build.0 = Release|Any CPU
		{F96F8618-AB62-41B8-8D9D-C8B753479B8B}.Debug|Any CPU.ActiveCfg = Debug|Any CPU
		{F96F8618-AB62-41B8-8D9D-C8B753479B8B}.Debug|Any CPU.Build.0 = Debug|Any CPU
		{F96F8618-AB62-41B8-8D9D-C8B753479B8B}.Debug|ARM.ActiveCfg = Debug|Any CPU
		{F96F8618-AB62-41B8-8D9D-C8B753479B8B}.Debug|ARM.Build.0 = Debug|Any CPU
		{F96F8618-AB62-41B8-8D9D-C8B753479B8B}.Debug|iPhone.ActiveCfg = Debug|Any CPU
		{F96F8618-AB62-41B8-8D9D-C8B753479B8B}.Debug|iPhone.Build.0 = Debug|Any CPU
		{F96F8618-AB62-41B8-8D9D-C8B753479B8B}.Debug|iPhoneSimulator.ActiveCfg = Debug|Any CPU
		{F96F8618-AB62-41B8-8D9D-C8B753479B8B}.Debug|iPhoneSimulator.Build.0 = Debug|Any CPU
		{F96F8618-AB62-41B8-8D9D-C8B753479B8B}.Debug|x64.ActiveCfg = Debug|Any CPU
		{F96F8618-AB62-41B8-8D9D-C8B753479B8B}.Debug|x64.Build.0 = Debug|Any CPU
		{F96F8618-AB62-41B8-8D9D-C8B753479B8B}.Debug|x86.ActiveCfg = Debug|Any CPU
		{F96F8618-AB62-41B8-8D9D-C8B753479B8B}.Debug|x86.Build.0 = Debug|Any CPU
		{F96F8618-AB62-41B8-8D9D-C8B753479B8B}.Release|Any CPU.ActiveCfg = Release|Any CPU
		{F96F8618-AB62-41B8-8D9D-C8B753479B8B}.Release|Any CPU.Build.0 = Release|Any CPU
		{F96F8618-AB62-41B8-8D9D-C8B753479B8B}.Release|ARM.ActiveCfg = Release|Any CPU
		{F96F8618-AB62-41B8-8D9D-C8B753479B8B}.Release|ARM.Build.0 = Release|Any CPU
		{F96F8618-AB62-41B8-8D9D-C8B753479B8B}.Release|iPhone.ActiveCfg = Release|Any CPU
		{F96F8618-AB62-41B8-8D9D-C8B753479B8B}.Release|iPhone.Build.0 = Release|Any CPU
		{F96F8618-AB62-41B8-8D9D-C8B753479B8B}.Release|iPhoneSimulator.ActiveCfg = Release|Any CPU
		{F96F8618-AB62-41B8-8D9D-C8B753479B8B}.Release|iPhoneSimulator.Build.0 = Release|Any CPU
		{F96F8618-AB62-41B8-8D9D-C8B753479B8B}.Release|x64.ActiveCfg = Release|Any CPU
		{F96F8618-AB62-41B8-8D9D-C8B753479B8B}.Release|x64.Build.0 = Release|Any CPU
		{F96F8618-AB62-41B8-8D9D-C8B753479B8B}.Release|x86.ActiveCfg = Release|Any CPU
		{F96F8618-AB62-41B8-8D9D-C8B753479B8B}.Release|x86.Build.0 = Release|Any CPU
	EndGlobalSection
	GlobalSection(SolutionProperties) = preSolution
		HideSolutionNode = FALSE
	EndGlobalSection
EndGlobal
