
Microsoft Visual Studio Solution File, Format Version 12.00
# Visual Studio 14
VisualStudioVersion = 14.0.25420.1
MinimumVisualStudioVersion = 10.0.40219.1
Project("{FAE04EC0-301F-11D3-BF4B-00C04F79EFBC}") = "WeatherApp.Droid", "WeatherApp\WeatherApp.Droid\WeatherApp.Droid.csproj", "{535F383D-EE76-4310-AFEE-135F24CC2B73}"
EndProject
Project("{FAE04EC0-301F-11D3-BF4B-00C04F79EFBC}") = "WeatherApp.iOS", "WeatherApp\WeatherApp.iOS\WeatherApp.iOS.csproj", "{AA012E95-FB23-4005-BAC4-942F7C641B7E}"
EndProject
Project("{FAE04EC0-301F-11D3-BF4B-00C04F79EFBC}") = "WeatherApp.WinPhone", "WeatherApp\WeatherApp.WinPhone\WeatherApp.WinPhone.csproj", "{DC6534B6-A184-4E4D-B85B-0D61D21CCDC1}"
EndProject
Project("{FAE04EC0-301F-11D3-BF4B-00C04F79EFBC}") = "WeatherApp.UWP", "WeatherApp\WeatherApp.UWP\WeatherApp.UWP.csproj", "{4C8D2B99-B9CF-4CE6-B719-40558F61575D}"
EndProject
Project("{FAE04EC0-301F-11D3-BF4B-00C04F79EFBC}") = "WeatherApp.Windows", "WeatherApp\WeatherApp.Windows\WeatherApp.Windows.csproj", "{3D7CDB1C-48D9-4E8E-9B05-E906FE645D45}"
EndProject
Project("{FAE04EC0-301F-11D3-BF4B-00C04F79EFBC}") = "WeatherApp", "WeatherApp\WeatherApp\WeatherApp.csproj", "{FCED1D6F-E644-48DC-9CE3-79D94981F999}"
EndProject
Global
	GlobalSection(SolutionConfigurationPlatforms) = preSolution
		Ad-Hoc|Any CPU = Ad-Hoc|Any CPU
		Ad-Hoc|ARM = Ad-Hoc|ARM
		Ad-Hoc|iPhone = Ad-Hoc|iPhone
		Ad-Hoc|iPhoneSimulator = Ad-Hoc|iPhoneSimulator
		Ad-Hoc|x64 = Ad-Hoc|x64
		Ad-Hoc|x86 = Ad-Hoc|x86
		AppStore|Any CPU = AppStore|Any CPU
		AppStore|ARM = AppStore|ARM
		AppStore|iPhone = AppStore|iPhone
		AppStore|iPhoneSimulator = AppStore|iPhoneSimulator
		AppStore|x64 = AppStore|x64
		AppStore|x86 = AppStore|x86
		Debug|Any CPU = Debug|Any CPU
		Debug|ARM = Debug|ARM
		Debug|iPhone = Debug|iPhone
		Debug|iPhoneSimulator = Debug|iPhoneSimulator
		Debug|x64 = Debug|x64
		Debug|x86 = Debug|x86
		Release|Any CPU = Release|Any CPU
		Release|ARM = Release|ARM
		Release|iPhone = Release|iPhone
		Release|iPhoneSimulator = Release|iPhoneSimulator
		Release|x64 = Release|x64
		Release|x86 = Release|x86
	EndGlobalSection
	GlobalSection(ProjectConfigurationPlatforms) = postSolution
		{535F383D-EE76-4310-AFEE-135F24CC2B73}.Ad-Hoc|Any CPU.ActiveCfg = Release|Any CPU
		{535F383D-EE76-4310-AFEE-135F24CC2B73}.Ad-Hoc|Any CPU.Build.0 = Release|Any CPU
		{535F383D-EE76-4310-AFEE-135F24CC2B73}.Ad-Hoc|Any CPU.Deploy.0 = Release|Any CPU
		{535F383D-EE76-4310-AFEE-135F24CC2B73}.Ad-Hoc|ARM.ActiveCfg = Release|Any CPU
		{535F383D-EE76-4310-AFEE-135F24CC2B73}.Ad-Hoc|ARM.Build.0 = Release|Any CPU
		{535F383D-EE76-4310-AFEE-135F24CC2B73}.Ad-Hoc|ARM.Deploy.0 = Release|Any CPU
		{535F383D-EE76-4310-AFEE-135F24CC2B73}.Ad-Hoc|iPhone.ActiveCfg = Release|Any CPU
		{535F383D-EE76-4310-AFEE-135F24CC2B73}.Ad-Hoc|iPhone.Build.0 = Release|Any CPU
		{535F383D-EE76-4310-AFEE-135F24CC2B73}.Ad-Hoc|iPhone.Deploy.0 = Release|Any CPU
		{535F383D-EE76-4310-AFEE-135F24CC2B73}.Ad-Hoc|iPhoneSimulator.ActiveCfg = Release|Any CPU
		{535F383D-EE76-4310-AFEE-135F24CC2B73}.Ad-Hoc|iPhoneSimulator.Build.0 = Release|Any CPU
		{535F383D-EE76-4310-AFEE-135F24CC2B73}.Ad-Hoc|iPhoneSimulator.Deploy.0 = Release|Any CPU
		{535F383D-EE76-4310-AFEE-135F24CC2B73}.Ad-Hoc|x64.ActiveCfg = Release|Any CPU
		{535F383D-EE76-4310-AFEE-135F24CC2B73}.Ad-Hoc|x64.Build.0 = Release|Any CPU
		{535F383D-EE76-4310-AFEE-135F24CC2B73}.Ad-Hoc|x64.Deploy.0 = Release|Any CPU
		{535F383D-EE76-4310-AFEE-135F24CC2B73}.Ad-Hoc|x86.ActiveCfg = Release|Any CPU
		{535F383D-EE76-4310-AFEE-135F24CC2B73}.Ad-Hoc|x86.Build.0 = Release|Any CPU
		{535F383D-EE76-4310-AFEE-135F24CC2B73}.Ad-Hoc|x86.Deploy.0 = Release|Any CPU
		{535F383D-EE76-4310-AFEE-135F24CC2B73}.AppStore|Any CPU.ActiveCfg = Release|Any CPU
		{535F383D-EE76-4310-AFEE-135F24CC2B73}.AppStore|Any CPU.Build.0 = Release|Any CPU
		{535F383D-EE76-4310-AFEE-135F24CC2B73}.AppStore|Any CPU.Deploy.0 = Release|Any CPU
		{535F383D-EE76-4310-AFEE-135F24CC2B73}.AppStore|ARM.ActiveCfg = Release|Any CPU
		{535F383D-EE76-4310-AFEE-135F24CC2B73}.AppStore|ARM.Build.0 = Release|Any CPU
		{535F383D-EE76-4310-AFEE-135F24CC2B73}.AppStore|ARM.Deploy.0 = Release|Any CPU
		{535F383D-EE76-4310-AFEE-135F24CC2B73}.AppStore|iPhone.ActiveCfg = Release|Any CPU
		{535F383D-EE76-4310-AFEE-135F24CC2B73}.AppStore|iPhone.Build.0 = Release|Any CPU
		{535F383D-EE76-4310-AFEE-135F24CC2B73}.AppStore|iPhone.Deploy.0 = Release|Any CPU
		{535F383D-EE76-4310-AFEE-135F24CC2B73}.AppStore|iPhoneSimulator.ActiveCfg = Release|Any CPU
		{535F383D-EE76-4310-AFEE-135F24CC2B73}.AppStore|iPhoneSimulator.Build.0 = Release|Any CPU
		{535F383D-EE76-4310-AFEE-135F24CC2B73}.AppStore|iPhoneSimulator.Deploy.0 = Release|Any CPU
		{535F383D-EE76-4310-AFEE-135F24CC2B73}.AppStore|x64.ActiveCfg = Release|Any CPU
		{535F383D-EE76-4310-AFEE-135F24CC2B73}.AppStore|x64.Build.0 = Release|Any CPU
		{535F383D-EE76-4310-AFEE-135F24CC2B73}.AppStore|x64.Deploy.0 = Release|Any CPU
		{535F383D-EE76-4310-AFEE-135F24CC2B73}.AppStore|x86.ActiveCfg = Release|Any CPU
		{535F383D-EE76-4310-AFEE-135F24CC2B73}.AppStore|x86.Build.0 = Release|Any CPU
		{535F383D-EE76-4310-AFEE-135F24CC2B73}.AppStore|x86.Deploy.0 = Release|Any CPU
		{535F383D-EE76-4310-AFEE-135F24CC2B73}.Debug|Any CPU.ActiveCfg = Debug|Any CPU
		{535F383D-EE76-4310-AFEE-135F24CC2B73}.Debug|Any CPU.Build.0 = Debug|Any CPU
		{535F383D-EE76-4310-AFEE-135F24CC2B73}.Debug|Any CPU.Deploy.0 = Debug|Any CPU
		{535F383D-EE76-4310-AFEE-135F24CC2B73}.Debug|ARM.ActiveCfg = Debug|Any CPU
		{535F383D-EE76-4310-AFEE-135F24CC2B73}.Debug|ARM.Build.0 = Debug|Any CPU
		{535F383D-EE76-4310-AFEE-135F24CC2B73}.Debug|ARM.Deploy.0 = Debug|Any CPU
		{535F383D-EE76-4310-AFEE-135F24CC2B73}.Debug|iPhone.ActiveCfg = Debug|Any CPU
		{535F383D-EE76-4310-AFEE-135F24CC2B73}.Debug|iPhone.Build.0 = Debug|Any CPU
		{535F383D-EE76-4310-AFEE-135F24CC2B73}.Debug|iPhone.Deploy.0 = Debug|Any CPU
		{535F383D-EE76-4310-AFEE-135F24CC2B73}.Debug|iPhoneSimulator.ActiveCfg = Debug|Any CPU
		{535F383D-EE76-4310-AFEE-135F24CC2B73}.Debug|iPhoneSimulator.Build.0 = Debug|Any CPU
		{535F383D-EE76-4310-AFEE-135F24CC2B73}.Debug|iPhoneSimulator.Deploy.0 = Debug|Any CPU
		{535F383D-EE76-4310-AFEE-135F24CC2B73}.Debug|x64.ActiveCfg = Debug|Any CPU
		{535F383D-EE76-4310-AFEE-135F24CC2B73}.Debug|x64.Build.0 = Debug|Any CPU
		{535F383D-EE76-4310-AFEE-135F24CC2B73}.Debug|x64.Deploy.0 = Debug|Any CPU
		{535F383D-EE76-4310-AFEE-135F24CC2B73}.Debug|x86.ActiveCfg = Debug|Any CPU
		{535F383D-EE76-4310-AFEE-135F24CC2B73}.Debug|x86.Build.0 = Debug|Any CPU
		{535F383D-EE76-4310-AFEE-135F24CC2B73}.Debug|x86.Deploy.0 = Debug|Any CPU
		{535F383D-EE76-4310-AFEE-135F24CC2B73}.Release|Any CPU.ActiveCfg = Release|Any CPU
		{535F383D-EE76-4310-AFEE-135F24CC2B73}.Release|Any CPU.Build.0 = Release|Any CPU
		{535F383D-EE76-4310-AFEE-135F24CC2B73}.Release|Any CPU.Deploy.0 = Release|Any CPU
		{535F383D-EE76-4310-AFEE-135F24CC2B73}.Release|ARM.ActiveCfg = Release|Any CPU
		{535F383D-EE76-4310-AFEE-135F24CC2B73}.Release|ARM.Build.0 = Release|Any CPU
		{535F383D-EE76-4310-AFEE-135F24CC2B73}.Release|ARM.Deploy.0 = Release|Any CPU
		{535F383D-EE76-4310-AFEE-135F24CC2B73}.Release|iPhone.ActiveCfg = Release|Any CPU
		{535F383D-EE76-4310-AFEE-135F24CC2B73}.Release|iPhone.Build.0 = Release|Any CPU
		{535F383D-EE76-4310-AFEE-135F24CC2B73}.Release|iPhone.Deploy.0 = Release|Any CPU
		{535F383D-EE76-4310-AFEE-135F24CC2B73}.Release|iPhoneSimulator.ActiveCfg = Release|Any CPU
		{535F383D-EE76-4310-AFEE-135F24CC2B73}.Release|iPhoneSimulator.Build.0 = Release|Any CPU
		{535F383D-EE76-4310-AFEE-135F24CC2B73}.Release|iPhoneSimulator.Deploy.0 = Release|Any CPU
		{535F383D-EE76-4310-AFEE-135F24CC2B73}.Release|x64.ActiveCfg = Release|Any CPU
		{535F383D-EE76-4310-AFEE-135F24CC2B73}.Release|x64.Build.0 = Release|Any CPU
		{535F383D-EE76-4310-AFEE-135F24CC2B73}.Release|x64.Deploy.0 = Release|Any CPU
		{535F383D-EE76-4310-AFEE-135F24CC2B73}.Release|x86.ActiveCfg = Release|Any CPU
		{535F383D-EE76-4310-AFEE-135F24CC2B73}.Release|x86.Build.0 = Release|Any CPU
		{535F383D-EE76-4310-AFEE-135F24CC2B73}.Release|x86.Deploy.0 = Release|Any CPU
		{AA012E95-FB23-4005-BAC4-942F7C641B7E}.Ad-Hoc|Any CPU.ActiveCfg = Ad-Hoc|iPhone
		{AA012E95-FB23-4005-BAC4-942F7C641B7E}.Ad-Hoc|ARM.ActiveCfg = Ad-Hoc|iPhone
		{AA012E95-FB23-4005-BAC4-942F7C641B7E}.Ad-Hoc|iPhone.ActiveCfg = Ad-Hoc|iPhone
		{AA012E95-FB23-4005-BAC4-942F7C641B7E}.Ad-Hoc|iPhone.Build.0 = Ad-Hoc|iPhone
		{AA012E95-FB23-4005-BAC4-942F7C641B7E}.Ad-Hoc|iPhoneSimulator.ActiveCfg = Ad-Hoc|iPhoneSimulator
		{AA012E95-FB23-4005-BAC4-942F7C641B7E}.Ad-Hoc|iPhoneSimulator.Build.0 = Ad-Hoc|iPhoneSimulator
		{AA012E95-FB23-4005-BAC4-942F7C641B7E}.Ad-Hoc|x64.ActiveCfg = Ad-Hoc|iPhone
		{AA012E95-FB23-4005-BAC4-942F7C641B7E}.Ad-Hoc|x86.ActiveCfg = Ad-Hoc|iPhone
		{AA012E95-FB23-4005-BAC4-942F7C641B7E}.AppStore|Any CPU.ActiveCfg = AppStore|iPhone
		{AA012E95-FB23-4005-BAC4-942F7C641B7E}.AppStore|ARM.ActiveCfg = AppStore|iPhone
		{AA012E95-FB23-4005-BAC4-942F7C641B7E}.AppStore|iPhone.ActiveCfg = AppStore|iPhone
		{AA012E95-FB23-4005-BAC4-942F7C641B7E}.AppStore|iPhone.Build.0 = AppStore|iPhone
		{AA012E95-FB23-4005-BAC4-942F7C641B7E}.AppStore|iPhoneSimulator.ActiveCfg = AppStore|iPhoneSimulator
		{AA012E95-FB23-4005-BAC4-942F7C641B7E}.AppStore|iPhoneSimulator.Build.0 = AppStore|iPhoneSimulator
		{AA012E95-FB23-4005-BAC4-942F7C641B7E}.AppStore|x64.ActiveCfg = AppStore|iPhone
		{AA012E95-FB23-4005-BAC4-942F7C641B7E}.AppStore|x86.ActiveCfg = AppStore|iPhone
		{AA012E95-FB23-4005-BAC4-942F7C641B7E}.Debug|Any CPU.ActiveCfg = Debug|iPhone
		{AA012E95-FB23-4005-BAC4-942F7C641B7E}.Debug|ARM.ActiveCfg = Debug|iPhone
		{AA012E95-FB23-4005-BAC4-942F7C641B7E}.Debug|iPhone.ActiveCfg = Debug|iPhone
		{AA012E95-FB23-4005-BAC4-942F7C641B7E}.Debug|iPhone.Build.0 = Debug|iPhone
		{AA012E95-FB23-4005-BAC4-942F7C641B7E}.Debug|iPhoneSimulator.ActiveCfg = Debug|iPhoneSimulator
		{AA012E95-FB23-4005-BAC4-942F7C641B7E}.Debug|iPhoneSimulator.Build.0 = Debug|iPhoneSimulator
		{AA012E95-FB23-4005-BAC4-942F7C641B7E}.Debug|x64.ActiveCfg = Debug|iPhone
		{AA012E95-FB23-4005-BAC4-942F7C641B7E}.Debug|x86.ActiveCfg = Debug|iPhone
		{AA012E95-FB23-4005-BAC4-942F7C641B7E}.Release|Any CPU.ActiveCfg = Release|iPhone
		{AA012E95-FB23-4005-BAC4-942F7C641B7E}.Release|ARM.ActiveCfg = Release|iPhone
		{AA012E95-FB23-4005-BAC4-942F7C641B7E}.Release|iPhone.ActiveCfg = Release|iPhone
		{AA012E95-FB23-4005-BAC4-942F7C641B7E}.Release|iPhone.Build.0 = Release|iPhone
		{AA012E95-FB23-4005-BAC4-942F7C641B7E}.Release|iPhoneSimulator.ActiveCfg = Release|iPhoneSimulator
		{AA012E95-FB23-4005-BAC4-942F7C641B7E}.Release|iPhoneSimulator.Build.0 = Release|iPhoneSimulator
		{AA012E95-FB23-4005-BAC4-942F7C641B7E}.Release|x64.ActiveCfg = Release|iPhone
		{AA012E95-FB23-4005-BAC4-942F7C641B7E}.Release|x86.ActiveCfg = Release|iPhone
		{DC6534B6-A184-4E4D-B85B-0D61D21CCDC1}.Ad-Hoc|Any CPU.ActiveCfg = Release|Any CPU
		{DC6534B6-A184-4E4D-B85B-0D61D21CCDC1}.Ad-Hoc|Any CPU.Build.0 = Release|Any CPU
		{DC6534B6-A184-4E4D-B85B-0D61D21CCDC1}.Ad-Hoc|Any CPU.Deploy.0 = Release|Any CPU
		{DC6534B6-A184-4E4D-B85B-0D61D21CCDC1}.Ad-Hoc|ARM.ActiveCfg = Release|ARM
		{DC6534B6-A184-4E4D-B85B-0D61D21CCDC1}.Ad-Hoc|ARM.Build.0 = Release|ARM
		{DC6534B6-A184-4E4D-B85B-0D61D21CCDC1}.Ad-Hoc|ARM.Deploy.0 = Release|ARM
		{DC6534B6-A184-4E4D-B85B-0D61D21CCDC1}.Ad-Hoc|iPhone.ActiveCfg = Release|Any CPU
		{DC6534B6-A184-4E4D-B85B-0D61D21CCDC1}.Ad-Hoc|iPhone.Build.0 = Release|Any CPU
		{DC6534B6-A184-4E4D-B85B-0D61D21CCDC1}.Ad-Hoc|iPhone.Deploy.0 = Release|Any CPU
		{DC6534B6-A184-4E4D-B85B-0D61D21CCDC1}.Ad-Hoc|iPhoneSimulator.ActiveCfg = Release|Any CPU
		{DC6534B6-A184-4E4D-B85B-0D61D21CCDC1}.Ad-Hoc|iPhoneSimulator.Build.0 = Release|Any CPU
		{DC6534B6-A184-4E4D-B85B-0D61D21CCDC1}.Ad-Hoc|iPhoneSimulator.Deploy.0 = Release|Any CPU
		{DC6534B6-A184-4E4D-B85B-0D61D21CCDC1}.Ad-Hoc|x64.ActiveCfg = Release|Any CPU
		{DC6534B6-A184-4E4D-B85B-0D61D21CCDC1}.Ad-Hoc|x64.Build.0 = Release|Any CPU
		{DC6534B6-A184-4E4D-B85B-0D61D21CCDC1}.Ad-Hoc|x64.Deploy.0 = Release|Any CPU
		{DC6534B6-A184-4E4D-B85B-0D61D21CCDC1}.Ad-Hoc|x86.ActiveCfg = Release|x86
		{DC6534B6-A184-4E4D-B85B-0D61D21CCDC1}.Ad-Hoc|x86.Build.0 = Release|x86
		{DC6534B6-A184-4E4D-B85B-0D61D21CCDC1}.Ad-Hoc|x86.Deploy.0 = Release|x86
		{DC6534B6-A184-4E4D-B85B-0D61D21CCDC1}.AppStore|Any CPU.ActiveCfg = Release|Any CPU
		{DC6534B6-A184-4E4D-B85B-0D61D21CCDC1}.AppStore|Any CPU.Build.0 = Release|Any CPU
		{DC6534B6-A184-4E4D-B85B-0D61D21CCDC1}.AppStore|Any CPU.Deploy.0 = Release|Any CPU
		{DC6534B6-A184-4E4D-B85B-0D61D21CCDC1}.AppStore|ARM.ActiveCfg = Release|ARM
		{DC6534B6-A184-4E4D-B85B-0D61D21CCDC1}.AppStore|ARM.Build.0 = Release|ARM
		{DC6534B6-A184-4E4D-B85B-0D61D21CCDC1}.AppStore|ARM.Deploy.0 = Release|ARM
		{DC6534B6-A184-4E4D-B85B-0D61D21CCDC1}.AppStore|iPhone.ActiveCfg = Release|Any CPU
		{DC6534B6-A184-4E4D-B85B-0D61D21CCDC1}.AppStore|iPhone.Build.0 = Release|Any CPU
		{DC6534B6-A184-4E4D-B85B-0D61D21CCDC1}.AppStore|iPhone.Deploy.0 = Release|Any CPU
		{DC6534B6-A184-4E4D-B85B-0D61D21CCDC1}.AppStore|iPhoneSimulator.ActiveCfg = Release|Any CPU
		{DC6534B6-A184-4E4D-B85B-0D61D21CCDC1}.AppStore|iPhoneSimulator.Build.0 = Release|Any CPU
		{DC6534B6-A184-4E4D-B85B-0D61D21CCDC1}.AppStore|iPhoneSimulator.Deploy.0 = Release|Any CPU
		{DC6534B6-A184-4E4D-B85B-0D61D21CCDC1}.AppStore|x64.ActiveCfg = Release|Any CPU
		{DC6534B6-A184-4E4D-B85B-0D61D21CCDC1}.AppStore|x64.Build.0 = Release|Any CPU
		{DC6534B6-A184-4E4D-B85B-0D61D21CCDC1}.AppStore|x64.Deploy.0 = Release|Any CPU
		{DC6534B6-A184-4E4D-B85B-0D61D21CCDC1}.AppStore|x86.ActiveCfg = Release|x86
		{DC6534B6-A184-4E4D-B85B-0D61D21CCDC1}.AppStore|x86.Build.0 = Release|x86
		{DC6534B6-A184-4E4D-B85B-0D61D21CCDC1}.AppStore|x86.Deploy.0 = Release|x86
		{DC6534B6-A184-4E4D-B85B-0D61D21CCDC1}.Debug|Any CPU.ActiveCfg = Debug|Any CPU
		{DC6534B6-A184-4E4D-B85B-0D61D21CCDC1}.Debug|Any CPU.Build.0 = Debug|Any CPU
		{DC6534B6-A184-4E4D-B85B-0D61D21CCDC1}.Debug|Any CPU.Deploy.0 = Debug|Any CPU
		{DC6534B6-A184-4E4D-B85B-0D61D21CCDC1}.Debug|ARM.ActiveCfg = Debug|ARM
		{DC6534B6-A184-4E4D-B85B-0D61D21CCDC1}.Debug|ARM.Build.0 = Debug|ARM
		{DC6534B6-A184-4E4D-B85B-0D61D21CCDC1}.Debug|ARM.Deploy.0 = Debug|ARM
		{DC6534B6-A184-4E4D-B85B-0D61D21CCDC1}.Debug|iPhone.ActiveCfg = Debug|Any CPU
		{DC6534B6-A184-4E4D-B85B-0D61D21CCDC1}.Debug|iPhone.Build.0 = Debug|Any CPU
		{DC6534B6-A184-4E4D-B85B-0D61D21CCDC1}.Debug|iPhone.Deploy.0 = Debug|Any CPU
		{DC6534B6-A184-4E4D-B85B-0D61D21CCDC1}.Debug|iPhoneSimulator.ActiveCfg = Debug|Any CPU
		{DC6534B6-A184-4E4D-B85B-0D61D21CCDC1}.Debug|iPhoneSimulator.Build.0 = Debug|Any CPU
		{DC6534B6-A184-4E4D-B85B-0D61D21CCDC1}.Debug|iPhoneSimulator.Deploy.0 = Debug|Any CPU
		{DC6534B6-A184-4E4D-B85B-0D61D21CCDC1}.Debug|x64.ActiveCfg = Debug|Any CPU
		{DC6534B6-A184-4E4D-B85B-0D61D21CCDC1}.Debug|x64.Build.0 = Debug|Any CPU
		{DC6534B6-A184-4E4D-B85B-0D61D21CCDC1}.Debug|x64.Deploy.0 = Debug|Any CPU
		{DC6534B6-A184-4E4D-B85B-0D61D21CCDC1}.Debug|x86.ActiveCfg = Debug|x86
		{DC6534B6-A184-4E4D-B85B-0D61D21CCDC1}.Debug|x86.Build.0 = Debug|x86
		{DC6534B6-A184-4E4D-B85B-0D61D21CCDC1}.Debug|x86.Deploy.0 = Debug|x86
		{DC6534B6-A184-4E4D-B85B-0D61D21CCDC1}.Release|Any CPU.ActiveCfg = Release|Any CPU
		{DC6534B6-A184-4E4D-B85B-0D61D21CCDC1}.Release|Any CPU.Build.0 = Release|Any CPU
		{DC6534B6-A184-4E4D-B85B-0D61D21CCDC1}.Release|Any CPU.Deploy.0 = Release|Any CPU
		{DC6534B6-A184-4E4D-B85B-0D61D21CCDC1}.Release|ARM.ActiveCfg = Release|ARM
		{DC6534B6-A184-4E4D-B85B-0D61D21CCDC1}.Release|ARM.Build.0 = Release|ARM
		{DC6534B6-A184-4E4D-B85B-0D61D21CCDC1}.Release|ARM.Deploy.0 = Release|ARM
		{DC6534B6-A184-4E4D-B85B-0D61D21CCDC1}.Release|iPhone.ActiveCfg = Release|Any CPU
		{DC6534B6-A184-4E4D-B85B-0D61D21CCDC1}.Release|iPhone.Build.0 = Release|Any CPU
		{DC6534B6-A184-4E4D-B85B-0D61D21CCDC1}.Release|iPhone.Deploy.0 = Release|Any CPU
		{DC6534B6-A184-4E4D-B85B-0D61D21CCDC1}.Release|iPhoneSimulator.ActiveCfg = Release|Any CPU
		{DC6534B6-A184-4E4D-B85B-0D61D21CCDC1}.Release|iPhoneSimulator.Build.0 = Release|Any CPU
		{DC6534B6-A184-4E4D-B85B-0D61D21CCDC1}.Release|iPhoneSimulator.Deploy.0 = Release|Any CPU
		{DC6534B6-A184-4E4D-B85B-0D61D21CCDC1}.Release|x64.ActiveCfg = Release|Any CPU
		{DC6534B6-A184-4E4D-B85B-0D61D21CCDC1}.Release|x64.Build.0 = Release|Any CPU
		{DC6534B6-A184-4E4D-B85B-0D61D21CCDC1}.Release|x64.Deploy.0 = Release|Any CPU
		{DC6534B6-A184-4E4D-B85B-0D61D21CCDC1}.Release|x86.ActiveCfg = Release|x86
		{DC6534B6-A184-4E4D-B85B-0D61D21CCDC1}.Release|x86.Build.0 = Release|x86
		{DC6534B6-A184-4E4D-B85B-0D61D21CCDC1}.Release|x86.Deploy.0 = Release|x86
		{4C8D2B99-B9CF-4CE6-B719-40558F61575D}.Ad-Hoc|Any CPU.ActiveCfg = Release|x86
		{4C8D2B99-B9CF-4CE6-B719-40558F61575D}.Ad-Hoc|Any CPU.Build.0 = Release|x86
		{4C8D2B99-B9CF-4CE6-B719-40558F61575D}.Ad-Hoc|Any CPU.Deploy.0 = Release|x86
		{4C8D2B99-B9CF-4CE6-B719-40558F61575D}.Ad-Hoc|ARM.ActiveCfg = Release|ARM
		{4C8D2B99-B9CF-4CE6-B719-40558F61575D}.Ad-Hoc|ARM.Build.0 = Release|ARM
		{4C8D2B99-B9CF-4CE6-B719-40558F61575D}.Ad-Hoc|ARM.Deploy.0 = Release|ARM
		{4C8D2B99-B9CF-4CE6-B719-40558F61575D}.Ad-Hoc|iPhone.ActiveCfg = Release|x86
		{4C8D2B99-B9CF-4CE6-B719-40558F61575D}.Ad-Hoc|iPhone.Build.0 = Release|x86
		{4C8D2B99-B9CF-4CE6-B719-40558F61575D}.Ad-Hoc|iPhone.Deploy.0 = Release|x86
		{4C8D2B99-B9CF-4CE6-B719-40558F61575D}.Ad-Hoc|iPhoneSimulator.ActiveCfg = Release|x86
		{4C8D2B99-B9CF-4CE6-B719-40558F61575D}.Ad-Hoc|iPhoneSimulator.Build.0 = Release|x86
		{4C8D2B99-B9CF-4CE6-B719-40558F61575D}.Ad-Hoc|iPhoneSimulator.Deploy.0 = Release|x86
		{4C8D2B99-B9CF-4CE6-B719-40558F61575D}.Ad-Hoc|x64.ActiveCfg = Release|x64
		{4C8D2B99-B9CF-4CE6-B719-40558F61575D}.Ad-Hoc|x64.Build.0 = Release|x64
		{4C8D2B99-B9CF-4CE6-B719-40558F61575D}.Ad-Hoc|x64.Deploy.0 = Release|x64
		{4C8D2B99-B9CF-4CE6-B719-40558F61575D}.Ad-Hoc|x86.ActiveCfg = Release|x86
		{4C8D2B99-B9CF-4CE6-B719-40558F61575D}.Ad-Hoc|x86.Build.0 = Release|x86
		{4C8D2B99-B9CF-4CE6-B719-40558F61575D}.Ad-Hoc|x86.Deploy.0 = Release|x86
		{4C8D2B99-B9CF-4CE6-B719-40558F61575D}.AppStore|Any CPU.ActiveCfg = Release|x86
		{4C8D2B99-B9CF-4CE6-B719-40558F61575D}.AppStore|Any CPU.Build.0 = Release|x86
		{4C8D2B99-B9CF-4CE6-B719-40558F61575D}.AppStore|Any CPU.Deploy.0 = Release|x86
		{4C8D2B99-B9CF-4CE6-B719-40558F61575D}.AppStore|ARM.ActiveCfg = Release|ARM
		{4C8D2B99-B9CF-4CE6-B719-40558F61575D}.AppStore|ARM.Build.0 = Release|ARM
		{4C8D2B99-B9CF-4CE6-B719-40558F61575D}.AppStore|ARM.Deploy.0 = Release|ARM
		{4C8D2B99-B9CF-4CE6-B719-40558F61575D}.AppStore|iPhone.ActiveCfg = Release|x86
		{4C8D2B99-B9CF-4CE6-B719-40558F61575D}.AppStore|iPhone.Build.0 = Release|x86
		{4C8D2B99-B9CF-4CE6-B719-40558F61575D}.AppStore|iPhone.Deploy.0 = Release|x86
		{4C8D2B99-B9CF-4CE6-B719-40558F61575D}.AppStore|iPhoneSimulator.ActiveCfg = Release|x86
		{4C8D2B99-B9CF-4CE6-B719-40558F61575D}.AppStore|iPhoneSimulator.Build.0 = Release|x86
		{4C8D2B99-B9CF-4CE6-B719-40558F61575D}.AppStore|iPhoneSimulator.Deploy.0 = Release|x86
		{4C8D2B99-B9CF-4CE6-B719-40558F61575D}.AppStore|x64.ActiveCfg = Release|x64
		{4C8D2B99-B9CF-4CE6-B719-40558F61575D}.AppStore|x64.Build.0 = Release|x64
		{4C8D2B99-B9CF-4CE6-B719-40558F61575D}.AppStore|x64.Deploy.0 = Release|x64
		{4C8D2B99-B9CF-4CE6-B719-40558F61575D}.AppStore|x86.ActiveCfg = Release|x86
		{4C8D2B99-B9CF-4CE6-B719-40558F61575D}.AppStore|x86.Build.0 = Release|x86
		{4C8D2B99-B9CF-4CE6-B719-40558F61575D}.AppStore|x86.Deploy.0 = Release|x86
		{4C8D2B99-B9CF-4CE6-B719-40558F61575D}.Debug|Any CPU.ActiveCfg = Debug|x86
		{4C8D2B99-B9CF-4CE6-B719-40558F61575D}.Debug|ARM.ActiveCfg = Debug|ARM
		{4C8D2B99-B9CF-4CE6-B719-40558F61575D}.Debug|ARM.Build.0 = Debug|ARM
		{4C8D2B99-B9CF-4CE6-B719-40558F61575D}.Debug|ARM.Deploy.0 = Debug|ARM
		{4C8D2B99-B9CF-4CE6-B719-40558F61575D}.Debug|iPhone.ActiveCfg = Debug|x86
		{4C8D2B99-B9CF-4CE6-B719-40558F61575D}.Debug|iPhoneSimulator.ActiveCfg = Debug|x86
		{4C8D2B99-B9CF-4CE6-B719-40558F61575D}.Debug|x64.ActiveCfg = Debug|x64
		{4C8D2B99-B9CF-4CE6-B719-40558F61575D}.Debug|x64.Build.0 = Debug|x64
		{4C8D2B99-B9CF-4CE6-B719-40558F61575D}.Debug|x64.Deploy.0 = Debug|x64
		{4C8D2B99-B9CF-4CE6-B719-40558F61575D}.Debug|x86.ActiveCfg = Debug|x86
		{4C8D2B99-B9CF-4CE6-B719-40558F61575D}.Debug|x86.Build.0 = Debug|x86
		{4C8D2B99-B9CF-4CE6-B719-40558F61575D}.Debug|x86.Deploy.0 = Debug|x86
		{4C8D2B99-B9CF-4CE6-B719-40558F61575D}.Release|Any CPU.ActiveCfg = Release|x86
		{4C8D2B99-B9CF-4CE6-B719-40558F61575D}.Release|ARM.ActiveCfg = Release|ARM
		{4C8D2B99-B9CF-4CE6-B719-40558F61575D}.Release|ARM.Build.0 = Release|ARM
		{4C8D2B99-B9CF-4CE6-B719-40558F61575D}.Release|ARM.Deploy.0 = Release|ARM
		{4C8D2B99-B9CF-4CE6-B719-40558F61575D}.Release|iPhone.ActiveCfg = Release|x86
		{4C8D2B99-B9CF-4CE6-B719-40558F61575D}.Release|iPhoneSimulator.ActiveCfg = Release|x86
		{4C8D2B99-B9CF-4CE6-B719-40558F61575D}.Release|x64.ActiveCfg = Release|x64
		{4C8D2B99-B9CF-4CE6-B719-40558F61575D}.Release|x64.Build.0 = Release|x64
		{4C8D2B99-B9CF-4CE6-B719-40558F61575D}.Release|x64.Deploy.0 = Release|x64
		{4C8D2B99-B9CF-4CE6-B719-40558F61575D}.Release|x86.ActiveCfg = Release|x86
		{4C8D2B99-B9CF-4CE6-B719-40558F61575D}.Release|x86.Build.0 = Release|x86
		{4C8D2B99-B9CF-4CE6-B719-40558F61575D}.Release|x86.Deploy.0 = Release|x86
		{3D7CDB1C-48D9-4E8E-9B05-E906FE645D45}.Ad-Hoc|Any CPU.ActiveCfg = Release|Any CPU
		{3D7CDB1C-48D9-4E8E-9B05-E906FE645D45}.Ad-Hoc|Any CPU.Build.0 = Release|Any CPU
		{3D7CDB1C-48D9-4E8E-9B05-E906FE645D45}.Ad-Hoc|Any CPU.Deploy.0 = Release|Any CPU
		{3D7CDB1C-48D9-4E8E-9B05-E906FE645D45}.Ad-Hoc|ARM.ActiveCfg = Release|ARM
		{3D7CDB1C-48D9-4E8E-9B05-E906FE645D45}.Ad-Hoc|ARM.Build.0 = Release|ARM
		{3D7CDB1C-48D9-4E8E-9B05-E906FE645D45}.Ad-Hoc|ARM.Deploy.0 = Release|ARM
		{3D7CDB1C-48D9-4E8E-9B05-E906FE645D45}.Ad-Hoc|iPhone.ActiveCfg = Release|Any CPU
		{3D7CDB1C-48D9-4E8E-9B05-E906FE645D45}.Ad-Hoc|iPhone.Build.0 = Release|Any CPU
		{3D7CDB1C-48D9-4E8E-9B05-E906FE645D45}.Ad-Hoc|iPhone.Deploy.0 = Release|Any CPU
		{3D7CDB1C-48D9-4E8E-9B05-E906FE645D45}.Ad-Hoc|iPhoneSimulator.ActiveCfg = Release|Any CPU
		{3D7CDB1C-48D9-4E8E-9B05-E906FE645D45}.Ad-Hoc|iPhoneSimulator.Build.0 = Release|Any CPU
		{3D7CDB1C-48D9-4E8E-9B05-E906FE645D45}.Ad-Hoc|iPhoneSimulator.Deploy.0 = Release|Any CPU
		{3D7CDB1C-48D9-4E8E-9B05-E906FE645D45}.Ad-Hoc|x64.ActiveCfg = Release|x64
		{3D7CDB1C-48D9-4E8E-9B05-E906FE645D45}.Ad-Hoc|x64.Build.0 = Release|x64
		{3D7CDB1C-48D9-4E8E-9B05-E906FE645D45}.Ad-Hoc|x64.Deploy.0 = Release|x64
		{3D7CDB1C-48D9-4E8E-9B05-E906FE645D45}.Ad-Hoc|x86.ActiveCfg = Release|x86
		{3D7CDB1C-48D9-4E8E-9B05-E906FE645D45}.Ad-Hoc|x86.Build.0 = Release|x86
		{3D7CDB1C-48D9-4E8E-9B05-E906FE645D45}.Ad-Hoc|x86.Deploy.0 = Release|x86
		{3D7CDB1C-48D9-4E8E-9B05-E906FE645D45}.AppStore|Any CPU.ActiveCfg = Release|Any CPU
		{3D7CDB1C-48D9-4E8E-9B05-E906FE645D45}.AppStore|Any CPU.Build.0 = Release|Any CPU
		{3D7CDB1C-48D9-4E8E-9B05-E906FE645D45}.AppStore|Any CPU.Deploy.0 = Release|Any CPU
		{3D7CDB1C-48D9-4E8E-9B05-E906FE645D45}.AppStore|ARM.ActiveCfg = Release|ARM
		{3D7CDB1C-48D9-4E8E-9B05-E906FE645D45}.AppStore|ARM.Build.0 = Release|ARM
		{3D7CDB1C-48D9-4E8E-9B05-E906FE645D45}.AppStore|ARM.Deploy.0 = Release|ARM
		{3D7CDB1C-48D9-4E8E-9B05-E906FE645D45}.AppStore|iPhone.ActiveCfg = Release|Any CPU
		{3D7CDB1C-48D9-4E8E-9B05-E906FE645D45}.AppStore|iPhone.Build.0 = Release|Any CPU
		{3D7CDB1C-48D9-4E8E-9B05-E906FE645D45}.AppStore|iPhone.Deploy.0 = Release|Any CPU
		{3D7CDB1C-48D9-4E8E-9B05-E906FE645D45}.AppStore|iPhoneSimulator.ActiveCfg = Release|Any CPU
		{3D7CDB1C-48D9-4E8E-9B05-E906FE645D45}.AppStore|iPhoneSimulator.Build.0 = Release|Any CPU
		{3D7CDB1C-48D9-4E8E-9B05-E906FE645D45}.AppStore|iPhoneSimulator.Deploy.0 = Release|Any CPU
		{3D7CDB1C-48D9-4E8E-9B05-E906FE645D45}.AppStore|x64.ActiveCfg = Release|x64
		{3D7CDB1C-48D9-4E8E-9B05-E906FE645D45}.AppStore|x64.Build.0 = Release|x64
		{3D7CDB1C-48D9-4E8E-9B05-E906FE645D45}.AppStore|x64.Deploy.0 = Release|x64
		{3D7CDB1C-48D9-4E8E-9B05-E906FE645D45}.AppStore|x86.ActiveCfg = Release|x86
		{3D7CDB1C-48D9-4E8E-9B05-E906FE645D45}.AppStore|x86.Build.0 = Release|x86
		{3D7CDB1C-48D9-4E8E-9B05-E906FE645D45}.AppStore|x86.Deploy.0 = Release|x86
		{3D7CDB1C-48D9-4E8E-9B05-E906FE645D45}.Debug|Any CPU.ActiveCfg = Debug|Any CPU
		{3D7CDB1C-48D9-4E8E-9B05-E906FE645D45}.Debug|Any CPU.Build.0 = Debug|Any CPU
		{3D7CDB1C-48D9-4E8E-9B05-E906FE645D45}.Debug|Any CPU.Deploy.0 = Debug|Any CPU
		{3D7CDB1C-48D9-4E8E-9B05-E906FE645D45}.Debug|ARM.ActiveCfg = Debug|ARM
		{3D7CDB1C-48D9-4E8E-9B05-E906FE645D45}.Debug|ARM.Build.0 = Debug|ARM
		{3D7CDB1C-48D9-4E8E-9B05-E906FE645D45}.Debug|ARM.Deploy.0 = Debug|ARM
		{3D7CDB1C-48D9-4E8E-9B05-E906FE645D45}.Debug|iPhone.ActiveCfg = Debug|Any CPU
		{3D7CDB1C-48D9-4E8E-9B05-E906FE645D45}.Debug|iPhone.Build.0 = Debug|Any CPU
		{3D7CDB1C-48D9-4E8E-9B05-E906FE645D45}.Debug|iPhone.Deploy.0 = Debug|Any CPU
		{3D7CDB1C-48D9-4E8E-9B05-E906FE645D45}.Debug|iPhoneSimulator.ActiveCfg = Debug|Any CPU
		{3D7CDB1C-48D9-4E8E-9B05-E906FE645D45}.Debug|iPhoneSimulator.Build.0 = Debug|Any CPU
		{3D7CDB1C-48D9-4E8E-9B05-E906FE645D45}.Debug|iPhoneSimulator.Deploy.0 = Debug|Any CPU
		{3D7CDB1C-48D9-4E8E-9B05-E906FE645D45}.Debug|x64.ActiveCfg = Debug|x64
		{3D7CDB1C-48D9-4E8E-9B05-E906FE645D45}.Debug|x64.Build.0 = Debug|x64
		{3D7CDB1C-48D9-4E8E-9B05-E906FE645D45}.Debug|x64.Deploy.0 = Debug|x64
		{3D7CDB1C-48D9-4E8E-9B05-E906FE645D45}.Debug|x86.ActiveCfg = Debug|x86
		{3D7CDB1C-48D9-4E8E-9B05-E906FE645D45}.Debug|x86.Build.0 = Debug|x86
		{3D7CDB1C-48D9-4E8E-9B05-E906FE645D45}.Debug|x86.Deploy.0 = Debug|x86
		{3D7CDB1C-48D9-4E8E-9B05-E906FE645D45}.Release|Any CPU.ActiveCfg = Release|Any CPU
		{3D7CDB1C-48D9-4E8E-9B05-E906FE645D45}.Release|Any CPU.Build.0 = Release|Any CPU
		{3D7CDB1C-48D9-4E8E-9B05-E906FE645D45}.Release|Any CPU.Deploy.0 = Release|Any CPU
		{3D7CDB1C-48D9-4E8E-9B05-E906FE645D45}.Release|ARM.ActiveCfg = Release|ARM
		{3D7CDB1C-48D9-4E8E-9B05-E906FE645D45}.Release|ARM.Build.0 = Release|ARM
		{3D7CDB1C-48D9-4E8E-9B05-E906FE645D45}.Release|ARM.Deploy.0 = Release|ARM
		{3D7CDB1C-48D9-4E8E-9B05-E906FE645D45}.Release|iPhone.ActiveCfg = Release|Any CPU
		{3D7CDB1C-48D9-4E8E-9B05-E906FE645D45}.Release|iPhone.Build.0 = Release|Any CPU
		{3D7CDB1C-48D9-4E8E-9B05-E906FE645D45}.Release|iPhone.Deploy.0 = Release|Any CPU
		{3D7CDB1C-48D9-4E8E-9B05-E906FE645D45}.Release|iPhoneSimulator.ActiveCfg = Release|Any CPU
		{3D7CDB1C-48D9-4E8E-9B05-E906FE645D45}.Release|iPhoneSimulator.Build.0 = Release|Any CPU
		{3D7CDB1C-48D9-4E8E-9B05-E906FE645D45}.Release|iPhoneSimulator.Deploy.0 = Release|Any CPU
		{3D7CDB1C-48D9-4E8E-9B05-E906FE645D45}.Release|x64.ActiveCfg = Release|x64
		{3D7CDB1C-48D9-4E8E-9B05-E906FE645D45}.Release|x64.Build.0 = Release|x64
		{3D7CDB1C-48D9-4E8E-9B05-E906FE645D45}.Release|x64.Deploy.0 = Release|x64
		{3D7CDB1C-48D9-4E8E-9B05-E906FE645D45}.Release|x86.ActiveCfg = Release|x86
		{3D7CDB1C-48D9-4E8E-9B05-E906FE645D45}.Release|x86.Build.0 = Release|x86
		{3D7CDB1C-48D9-4E8E-9B05-E906FE645D45}.Release|x86.Deploy.0 = Release|x86
		{FCED1D6F-E644-48DC-9CE3-79D94981F999}.Ad-Hoc|Any CPU.ActiveCfg = Release|Any CPU
		{FCED1D6F-E644-48DC-9CE3-79D94981F999}.Ad-Hoc|Any CPU.Build.0 = Release|Any CPU
		{FCED1D6F-E644-48DC-9CE3-79D94981F999}.Ad-Hoc|ARM.ActiveCfg = Release|Any CPU
		{FCED1D6F-E644-48DC-9CE3-79D94981F999}.Ad-Hoc|ARM.Build.0 = Release|Any CPU
		{FCED1D6F-E644-48DC-9CE3-79D94981F999}.Ad-Hoc|iPhone.ActiveCfg = Release|Any CPU
		{FCED1D6F-E644-48DC-9CE3-79D94981F999}.Ad-Hoc|iPhone.Build.0 = Release|Any CPU
		{FCED1D6F-E644-48DC-9CE3-79D94981F999}.Ad-Hoc|iPhoneSimulator.ActiveCfg = Release|Any CPU
		{FCED1D6F-E644-48DC-9CE3-79D94981F999}.Ad-Hoc|iPhoneSimulator.Build.0 = Release|Any CPU
		{FCED1D6F-E644-48DC-9CE3-79D94981F999}.Ad-Hoc|x64.ActiveCfg = Release|Any CPU
		{FCED1D6F-E644-48DC-9CE3-79D94981F999}.Ad-Hoc|x64.Build.0 = Release|Any CPU
		{FCED1D6F-E644-48DC-9CE3-79D94981F999}.Ad-Hoc|x86.ActiveCfg = Release|Any CPU
		{FCED1D6F-E644-48DC-9CE3-79D94981F999}.Ad-Hoc|x86.Build.0 = Release|Any CPU
		{FCED1D6F-E644-48DC-9CE3-79D94981F999}.AppStore|Any CPU.ActiveCfg = Release|Any CPU
		{FCED1D6F-E644-48DC-9CE3-79D94981F999}.AppStore|Any CPU.Build.0 = Release|Any CPU
		{FCED1D6F-E644-48DC-9CE3-79D94981F999}.AppStore|ARM.ActiveCfg = Release|Any CPU
		{FCED1D6F-E644-48DC-9CE3-79D94981F999}.AppStore|ARM.Build.0 = Release|Any CPU
		{FCED1D6F-E644-48DC-9CE3-79D94981F999}.AppStore|iPhone.ActiveCfg = Release|Any CPU
		{FCED1D6F-E644-48DC-9CE3-79D94981F999}.AppStore|iPhone.Build.0 = Release|Any CPU
		{FCED1D6F-E644-48DC-9CE3-79D94981F999}.AppStore|iPhoneSimulator.ActiveCfg = Release|Any CPU
		{FCED1D6F-E644-48DC-9CE3-79D94981F999}.AppStore|iPhoneSimulator.Build.0 = Release|Any CPU
		{FCED1D6F-E644-48DC-9CE3-79D94981F999}.AppStore|x64.ActiveCfg = Release|Any CPU
		{FCED1D6F-E644-48DC-9CE3-79D94981F999}.AppStore|x64.Build.0 = Release|Any CPU
		{FCED1D6F-E644-48DC-9CE3-79D94981F999}.AppStore|x86.ActiveCfg = Release|Any CPU
		{FCED1D6F-E644-48DC-9CE3-79D94981F999}.AppStore|x86.Build.0 = Release|Any CPU
		{FCED1D6F-E644-48DC-9CE3-79D94981F999}.Debug|Any CPU.ActiveCfg = Debug|Any CPU
		{FCED1D6F-E644-48DC-9CE3-79D94981F999}.Debug|Any CPU.Build.0 = Debug|Any CPU
		{FCED1D6F-E644-48DC-9CE3-79D94981F999}.Debug|ARM.ActiveCfg = Debug|Any CPU
		{FCED1D6F-E644-48DC-9CE3-79D94981F999}.Debug|ARM.Build.0 = Debug|Any CPU
		{FCED1D6F-E644-48DC-9CE3-79D94981F999}.Debug|iPhone.ActiveCfg = Debug|Any CPU
		{FCED1D6F-E644-48DC-9CE3-79D94981F999}.Debug|iPhone.Build.0 = Debug|Any CPU
		{FCED1D6F-E644-48DC-9CE3-79D94981F999}.Debug|iPhoneSimulator.ActiveCfg = Debug|Any CPU
		{FCED1D6F-E644-48DC-9CE3-79D94981F999}.Debug|iPhoneSimulator.Build.0 = Debug|Any CPU
		{FCED1D6F-E644-48DC-9CE3-79D94981F999}.Debug|x64.ActiveCfg = Debug|Any CPU
		{FCED1D6F-E644-48DC-9CE3-79D94981F999}.Debug|x64.Build.0 = Debug|Any CPU
		{FCED1D6F-E644-48DC-9CE3-79D94981F999}.Debug|x86.ActiveCfg = Debug|Any CPU
		{FCED1D6F-E644-48DC-9CE3-79D94981F999}.Debug|x86.Build.0 = Debug|Any CPU
		{FCED1D6F-E644-48DC-9CE3-79D94981F999}.Release|Any CPU.ActiveCfg = Release|Any CPU
		{FCED1D6F-E644-48DC-9CE3-79D94981F999}.Release|Any CPU.Build.0 = Release|Any CPU
		{FCED1D6F-E644-48DC-9CE3-79D94981F999}.Release|ARM.ActiveCfg = Release|Any CPU
		{FCED1D6F-E644-48DC-9CE3-79D94981F999}.Release|ARM.Build.0 = Release|Any CPU
		{FCED1D6F-E644-48DC-9CE3-79D94981F999}.Release|iPhone.ActiveCfg = Release|Any CPU
		{FCED1D6F-E644-48DC-9CE3-79D94981F999}.Release|iPhone.Build.0 = Release|Any CPU
		{FCED1D6F-E644-48DC-9CE3-79D94981F999}.Release|iPhoneSimulator.ActiveCfg = Release|Any CPU
		{FCED1D6F-E644-48DC-9CE3-79D94981F999}.Release|iPhoneSimulator.Build.0 = Release|Any CPU
		{FCED1D6F-E644-48DC-9CE3-79D94981F999}.Release|x64.ActiveCfg = Release|Any CPU
		{FCED1D6F-E644-48DC-9CE3-79D94981F999}.Release|x64.Build.0 = Release|Any CPU
		{FCED1D6F-E644-48DC-9CE3-79D94981F999}.Release|x86.ActiveCfg = Release|Any CPU
		{FCED1D6F-E644-48DC-9CE3-79D94981F999}.Release|x86.Build.0 = Release|Any CPU
	EndGlobalSection
	GlobalSection(SolutionProperties) = preSolution
		HideSolutionNode = FALSE
	EndGlobalSection
EndGlobal
