
Microsoft Visual Studio Solution File, Format Version 12.00
# Visual Studio 14
VisualStudioVersion = 14.0.25420.1
MinimumVisualStudioVersion = 10.0.40219.1
Project("{FAE04EC0-301F-11D3-BF4B-00C04F79EFBC}") = "WeatherApp.Droid", "WeatherApp\WeatherApp.Droid\WeatherApp.Droid.csproj", "{97FA969E-388D-4664-98B0-BE30B5B5F342}"
EndProject
Project("{FAE04EC0-301F-11D3-BF4B-00C04F79EFBC}") = "WeatherApp.iOS", "WeatherApp\WeatherApp.iOS\WeatherApp.iOS.csproj", "{E13006B3-7B8A-4917-8F51-4C62A50EEC1C}"
EndProject
Project("{FAE04EC0-301F-11D3-BF4B-00C04F79EFBC}") = "WeatherApp.WinPhone", "WeatherApp\WeatherApp.WinPhone\WeatherApp.WinPhone.csproj", "{23AD3E6E-26B1-4C8E-96D3-D2C002F94C94}"
EndProject
Project("{FAE04EC0-301F-11D3-BF4B-00C04F79EFBC}") = "WeatherApp", "WeatherApp\WeatherApp\WeatherApp.csproj", "{98B43FB5-575F-4234-9E66-148E7CED044E}"
EndProject
Project("{FAE04EC0-301F-11D3-BF4B-00C04F79EFBC}") = "WeatherApp.UWP", "WeatherApp\WeatherApp.UWP\WeatherApp.UWP.csproj", "{C585D432-88F9-45AB-B4E4-66DE9378046E}"
EndProject
Project("{FAE04EC0-301F-11D3-BF4B-00C04F79EFBC}") = "WeatherApp.WPF", "WeatherApp\WeatherApp.WPF\WeatherApp.WPF.csproj", "{6A3CD5DC-56F3-407B-BDEE-9EC3CD8719F1}"
EndProject
Project("{FAE04EC0-301F-11D3-BF4B-00C04F79EFBC}") = "WeatherApp.WP8", "WeatherApp\WeatherApp.WP8\WeatherApp.WP8.csproj", "{8DDEBA83-6F8B-4588-9874-5783124942B1}"
EndProject
Project("{FAE04EC0-301F-11D3-BF4B-00C04F79EFBC}") = "WeatherApp.Windows", "WeatherApp\WeatherApp.Windows\WeatherApp.Windows.csproj", "{F822AFED-9D5A-4065-8780-692E7FC7F567}"
EndProject
Global
	GlobalSection(SolutionConfigurationPlatforms) = preSolution
		Debug|Any CPU = Debug|Any CPU
		Debug|ARM = Debug|ARM
		Debug|iPhone = Debug|iPhone
		Debug|iPhoneSimulator = Debug|iPhoneSimulator
		Debug|x64 = Debug|x64
		Debug|x86 = Debug|x86
		Release|Any CPU = Release|Any CPU
		Release|ARM = Release|ARM
		Release|iPhone = Release|iPhone
		Release|iPhoneSimulator = Release|iPhoneSimulator
		Release|x64 = Release|x64
		Release|x86 = Release|x86
	EndGlobalSection
	GlobalSection(ProjectConfigurationPlatforms) = postSolution
		{97FA969E-388D-4664-98B0-BE30B5B5F342}.Debug|Any CPU.ActiveCfg = Debug|Any CPU
		{97FA969E-388D-4664-98B0-BE30B5B5F342}.Debug|Any CPU.Build.0 = Debug|Any CPU
		{97FA969E-388D-4664-98B0-BE30B5B5F342}.Debug|Any CPU.Deploy.0 = Debug|Any CPU
		{97FA969E-388D-4664-98B0-BE30B5B5F342}.Debug|ARM.ActiveCfg = Debug|Any CPU
		{97FA969E-388D-4664-98B0-BE30B5B5F342}.Debug|ARM.Build.0 = Debug|Any CPU
		{97FA969E-388D-4664-98B0-BE30B5B5F342}.Debug|ARM.Deploy.0 = Debug|Any CPU
		{97FA969E-388D-4664-98B0-BE30B5B5F342}.Debug|iPhone.ActiveCfg = Debug|Any CPU
		{97FA969E-388D-4664-98B0-BE30B5B5F342}.Debug|iPhone.Build.0 = Debug|Any CPU
		{97FA969E-388D-4664-98B0-BE30B5B5F342}.Debug|iPhone.Deploy.0 = Debug|Any CPU
		{97FA969E-388D-4664-98B0-BE30B5B5F342}.Debug|iPhoneSimulator.ActiveCfg = Debug|Any CPU
		{97FA969E-388D-4664-98B0-BE30B5B5F342}.Debug|iPhoneSimulator.Build.0 = Debug|Any CPU
		{97FA969E-388D-4664-98B0-BE30B5B5F342}.Debug|iPhoneSimulator.Deploy.0 = Debug|Any CPU
		{97FA969E-388D-4664-98B0-BE30B5B5F342}.Debug|x64.ActiveCfg = Debug|Any CPU
		{97FA969E-388D-4664-98B0-BE30B5B5F342}.Debug|x64.Build.0 = Debug|Any CPU
		{97FA969E-388D-4664-98B0-BE30B5B5F342}.Debug|x64.Deploy.0 = Debug|Any CPU
		{97FA969E-388D-4664-98B0-BE30B5B5F342}.Debug|x86.ActiveCfg = Debug|Any CPU
		{97FA969E-388D-4664-98B0-BE30B5B5F342}.Debug|x86.Build.0 = Debug|Any CPU
		{97FA969E-388D-4664-98B0-BE30B5B5F342}.Debug|x86.Deploy.0 = Debug|Any CPU
		{97FA969E-388D-4664-98B0-BE30B5B5F342}.Release|Any CPU.ActiveCfg = Release|Any CPU
		{97FA969E-388D-4664-98B0-BE30B5B5F342}.Release|Any CPU.Build.0 = Release|Any CPU
		{97FA969E-388D-4664-98B0-BE30B5B5F342}.Release|Any CPU.Deploy.0 = Release|Any CPU
		{97FA969E-388D-4664-98B0-BE30B5B5F342}.Release|ARM.ActiveCfg = Release|Any CPU
		{97FA969E-388D-4664-98B0-BE30B5B5F342}.Release|ARM.Build.0 = Release|Any CPU
		{97FA969E-388D-4664-98B0-BE30B5B5F342}.Release|ARM.Deploy.0 = Release|Any CPU
		{97FA969E-388D-4664-98B0-BE30B5B5F342}.Release|iPhone.ActiveCfg = Release|Any CPU
		{97FA969E-388D-4664-98B0-BE30B5B5F342}.Release|iPhone.Build.0 = Release|Any CPU
		{97FA969E-388D-4664-98B0-BE30B5B5F342}.Release|iPhone.Deploy.0 = Release|Any CPU
		{97FA969E-388D-4664-98B0-BE30B5B5F342}.Release|iPhoneSimulator.ActiveCfg = Release|Any CPU
		{97FA969E-388D-4664-98B0-BE30B5B5F342}.Release|iPhoneSimulator.Build.0 = Release|Any CPU
		{97FA969E-388D-4664-98B0-BE30B5B5F342}.Release|iPhoneSimulator.Deploy.0 = Release|Any CPU
		{97FA969E-388D-4664-98B0-BE30B5B5F342}.Release|x64.ActiveCfg = Release|Any CPU
		{97FA969E-388D-4664-98B0-BE30B5B5F342}.Release|x64.Build.0 = Release|Any CPU
		{97FA969E-388D-4664-98B0-BE30B5B5F342}.Release|x64.Deploy.0 = Release|Any CPU
		{97FA969E-388D-4664-98B0-BE30B5B5F342}.Release|x86.ActiveCfg = Release|Any CPU
		{97FA969E-388D-4664-98B0-BE30B5B5F342}.Release|x86.Build.0 = Release|Any CPU
		{97FA969E-388D-4664-98B0-BE30B5B5F342}.Release|x86.Deploy.0 = Release|Any CPU
		{E13006B3-7B8A-4917-8F51-4C62A50EEC1C}.Debug|Any CPU.ActiveCfg = Debug|iPhone
		{E13006B3-7B8A-4917-8F51-4C62A50EEC1C}.Debug|ARM.ActiveCfg = Debug|iPhone
		{E13006B3-7B8A-4917-8F51-4C62A50EEC1C}.Debug|iPhone.ActiveCfg = Debug|iPhone
		{E13006B3-7B8A-4917-8F51-4C62A50EEC1C}.Debug|iPhone.Build.0 = Debug|iPhone
		{E13006B3-7B8A-4917-8F51-4C62A50EEC1C}.Debug|iPhoneSimulator.ActiveCfg = Debug|iPhoneSimulator
		{E13006B3-7B8A-4917-8F51-4C62A50EEC1C}.Debug|iPhoneSimulator.Build.0 = Debug|iPhoneSimulator
		{E13006B3-7B8A-4917-8F51-4C62A50EEC1C}.Debug|x64.ActiveCfg = Debug|iPhoneSimulator
		{E13006B3-7B8A-4917-8F51-4C62A50EEC1C}.Debug|x86.ActiveCfg = Debug|iPhone
		{E13006B3-7B8A-4917-8F51-4C62A50EEC1C}.Release|Any CPU.ActiveCfg = Release|iPhone
		{E13006B3-7B8A-4917-8F51-4C62A50EEC1C}.Release|ARM.ActiveCfg = Release|iPhone
		{E13006B3-7B8A-4917-8F51-4C62A50EEC1C}.Release|iPhone.ActiveCfg = Release|iPhone
		{E13006B3-7B8A-4917-8F51-4C62A50EEC1C}.Release|iPhone.Build.0 = Release|iPhone
		{E13006B3-7B8A-4917-8F51-4C62A50EEC1C}.Release|iPhoneSimulator.ActiveCfg = Release|iPhoneSimulator
		{E13006B3-7B8A-4917-8F51-4C62A50EEC1C}.Release|iPhoneSimulator.Build.0 = Release|iPhoneSimulator
		{E13006B3-7B8A-4917-8F51-4C62A50EEC1C}.Release|x64.ActiveCfg = Release|iPhoneSimulator
		{E13006B3-7B8A-4917-8F51-4C62A50EEC1C}.Release|x86.ActiveCfg = Release|iPhone
		{23AD3E6E-26B1-4C8E-96D3-D2C002F94C94}.Debug|Any CPU.ActiveCfg = Debug|Any CPU
		{23AD3E6E-26B1-4C8E-96D3-D2C002F94C94}.Debug|Any CPU.Build.0 = Debug|Any CPU
		{23AD3E6E-26B1-4C8E-96D3-D2C002F94C94}.Debug|Any CPU.Deploy.0 = Debug|Any CPU
		{23AD3E6E-26B1-4C8E-96D3-D2C002F94C94}.Debug|ARM.ActiveCfg = Debug|ARM
		{23AD3E6E-26B1-4C8E-96D3-D2C002F94C94}.Debug|ARM.Build.0 = Debug|ARM
		{23AD3E6E-26B1-4C8E-96D3-D2C002F94C94}.Debug|ARM.Deploy.0 = Debug|ARM
		{23AD3E6E-26B1-4C8E-96D3-D2C002F94C94}.Debug|iPhone.ActiveCfg = Debug|Any CPU
		{23AD3E6E-26B1-4C8E-96D3-D2C002F94C94}.Debug|iPhone.Build.0 = Debug|Any CPU
		{23AD3E6E-26B1-4C8E-96D3-D2C002F94C94}.Debug|iPhone.Deploy.0 = Debug|Any CPU
		{23AD3E6E-26B1-4C8E-96D3-D2C002F94C94}.Debug|iPhoneSimulator.ActiveCfg = Debug|Any CPU
		{23AD3E6E-26B1-4C8E-96D3-D2C002F94C94}.Debug|iPhoneSimulator.Build.0 = Debug|Any CPU
		{23AD3E6E-26B1-4C8E-96D3-D2C002F94C94}.Debug|iPhoneSimulator.Deploy.0 = Debug|Any CPU
		{23AD3E6E-26B1-4C8E-96D3-D2C002F94C94}.Debug|x64.ActiveCfg = Debug|Any CPU
		{23AD3E6E-26B1-4C8E-96D3-D2C002F94C94}.Debug|x64.Build.0 = Debug|Any CPU
		{23AD3E6E-26B1-4C8E-96D3-D2C002F94C94}.Debug|x64.Deploy.0 = Debug|Any CPU
		{23AD3E6E-26B1-4C8E-96D3-D2C002F94C94}.Debug|x86.ActiveCfg = Debug|x86
		{23AD3E6E-26B1-4C8E-96D3-D2C002F94C94}.Debug|x86.Build.0 = Debug|x86
		{23AD3E6E-26B1-4C8E-96D3-D2C002F94C94}.Debug|x86.Deploy.0 = Debug|x86
		{23AD3E6E-26B1-4C8E-96D3-D2C002F94C94}.Release|Any CPU.ActiveCfg = Release|Any CPU
		{23AD3E6E-26B1-4C8E-96D3-D2C002F94C94}.Release|Any CPU.Build.0 = Release|Any CPU
		{23AD3E6E-26B1-4C8E-96D3-D2C002F94C94}.Release|Any CPU.Deploy.0 = Release|Any CPU
		{23AD3E6E-26B1-4C8E-96D3-D2C002F94C94}.Release|ARM.ActiveCfg = Release|ARM
		{23AD3E6E-26B1-4C8E-96D3-D2C002F94C94}.Release|ARM.Build.0 = Release|ARM
		{23AD3E6E-26B1-4C8E-96D3-D2C002F94C94}.Release|ARM.Deploy.0 = Release|ARM
		{23AD3E6E-26B1-4C8E-96D3-D2C002F94C94}.Release|iPhone.ActiveCfg = Release|Any CPU
		{23AD3E6E-26B1-4C8E-96D3-D2C002F94C94}.Release|iPhone.Build.0 = Release|Any CPU
		{23AD3E6E-26B1-4C8E-96D3-D2C002F94C94}.Release|iPhone.Deploy.0 = Release|Any CPU
		{23AD3E6E-26B1-4C8E-96D3-D2C002F94C94}.Release|iPhoneSimulator.ActiveCfg = Release|Any CPU
		{23AD3E6E-26B1-4C8E-96D3-D2C002F94C94}.Release|iPhoneSimulator.Build.0 = Release|Any CPU
		{23AD3E6E-26B1-4C8E-96D3-D2C002F94C94}.Release|iPhoneSimulator.Deploy.0 = Release|Any CPU
		{23AD3E6E-26B1-4C8E-96D3-D2C002F94C94}.Release|x64.ActiveCfg = Release|Any CPU
		{23AD3E6E-26B1-4C8E-96D3-D2C002F94C94}.Release|x64.Build.0 = Release|Any CPU
		{23AD3E6E-26B1-4C8E-96D3-D2C002F94C94}.Release|x64.Deploy.0 = Release|Any CPU
		{23AD3E6E-26B1-4C8E-96D3-D2C002F94C94}.Release|x86.ActiveCfg = Release|x86
		{23AD3E6E-26B1-4C8E-96D3-D2C002F94C94}.Release|x86.Build.0 = Release|x86
		{23AD3E6E-26B1-4C8E-96D3-D2C002F94C94}.Release|x86.Deploy.0 = Release|x86
		{98B43FB5-575F-4234-9E66-148E7CED044E}.Debug|Any CPU.ActiveCfg = Debug|Any CPU
		{98B43FB5-575F-4234-9E66-148E7CED044E}.Debug|Any CPU.Build.0 = Debug|Any CPU
		{98B43FB5-575F-4234-9E66-148E7CED044E}.Debug|ARM.ActiveCfg = Debug|Any CPU
		{98B43FB5-575F-4234-9E66-148E7CED044E}.Debug|ARM.Build.0 = Debug|Any CPU
		{98B43FB5-575F-4234-9E66-148E7CED044E}.Debug|iPhone.ActiveCfg = Debug|Any CPU
		{98B43FB5-575F-4234-9E66-148E7CED044E}.Debug|iPhone.Build.0 = Debug|Any CPU
		{98B43FB5-575F-4234-9E66-148E7CED044E}.Debug|iPhoneSimulator.ActiveCfg = Debug|Any CPU
		{98B43FB5-575F-4234-9E66-148E7CED044E}.Debug|iPhoneSimulator.Build.0 = Debug|Any CPU
		{98B43FB5-575F-4234-9E66-148E7CED044E}.Debug|x64.ActiveCfg = Debug|Any CPU
		{98B43FB5-575F-4234-9E66-148E7CED044E}.Debug|x64.Build.0 = Debug|Any CPU
		{98B43FB5-575F-4234-9E66-148E7CED044E}.Debug|x86.ActiveCfg = Debug|Any CPU
		{98B43FB5-575F-4234-9E66-148E7CED044E}.Debug|x86.Build.0 = Debug|Any CPU
		{98B43FB5-575F-4234-9E66-148E7CED044E}.Release|Any CPU.ActiveCfg = Release|Any CPU
		{98B43FB5-575F-4234-9E66-148E7CED044E}.Release|Any CPU.Build.0 = Release|Any CPU
		{98B43FB5-575F-4234-9E66-148E7CED044E}.Release|ARM.ActiveCfg = Release|Any CPU
		{98B43FB5-575F-4234-9E66-148E7CED044E}.Release|ARM.Build.0 = Release|Any CPU
		{98B43FB5-575F-4234-9E66-148E7CED044E}.Release|iPhone.ActiveCfg = Release|Any CPU
		{98B43FB5-575F-4234-9E66-148E7CED044E}.Release|iPhone.Build.0 = Release|Any CPU
		{98B43FB5-575F-4234-9E66-148E7CED044E}.Release|iPhoneSimulator.ActiveCfg = Release|Any CPU
		{98B43FB5-575F-4234-9E66-148E7CED044E}.Release|iPhoneSimulator.Build.0 = Release|Any CPU
		{98B43FB5-575F-4234-9E66-148E7CED044E}.Release|x64.ActiveCfg = Release|Any CPU
		{98B43FB5-575F-4234-9E66-148E7CED044E}.Release|x64.Build.0 = Release|Any CPU
		{98B43FB5-575F-4234-9E66-148E7CED044E}.Release|x86.ActiveCfg = Release|Any CPU
		{98B43FB5-575F-4234-9E66-148E7CED044E}.Release|x86.Build.0 = Release|Any CPU
		{C585D432-88F9-45AB-B4E4-66DE9378046E}.Debug|Any CPU.ActiveCfg = Debug|x86
		{C585D432-88F9-45AB-B4E4-66DE9378046E}.Debug|Any CPU.Build.0 = Debug|x86
		{C585D432-88F9-45AB-B4E4-66DE9378046E}.Debug|Any CPU.Deploy.0 = Debug|x86
		{C585D432-88F9-45AB-B4E4-66DE9378046E}.Debug|ARM.ActiveCfg = Debug|ARM
		{C585D432-88F9-45AB-B4E4-66DE9378046E}.Debug|ARM.Build.0 = Debug|ARM
		{C585D432-88F9-45AB-B4E4-66DE9378046E}.Debug|ARM.Deploy.0 = Debug|ARM
		{C585D432-88F9-45AB-B4E4-66DE9378046E}.Debug|iPhone.ActiveCfg = Debug|x86
		{C585D432-88F9-45AB-B4E4-66DE9378046E}.Debug|iPhone.Build.0 = Debug|x86
		{C585D432-88F9-45AB-B4E4-66DE9378046E}.Debug|iPhone.Deploy.0 = Debug|x86
		{C585D432-88F9-45AB-B4E4-66DE9378046E}.Debug|iPhoneSimulator.ActiveCfg = Debug|x86
		{C585D432-88F9-45AB-B4E4-66DE9378046E}.Debug|iPhoneSimulator.Build.0 = Debug|x86
		{C585D432-88F9-45AB-B4E4-66DE9378046E}.Debug|iPhoneSimulator.Deploy.0 = Debug|x86
		{C585D432-88F9-45AB-B4E4-66DE9378046E}.Debug|x64.ActiveCfg = Debug|x64
		{C585D432-88F9-45AB-B4E4-66DE9378046E}.Debug|x64.Build.0 = Debug|x64
		{C585D432-88F9-45AB-B4E4-66DE9378046E}.Debug|x64.Deploy.0 = Debug|x64
		{C585D432-88F9-45AB-B4E4-66DE9378046E}.Debug|x86.ActiveCfg = Debug|x86
		{C585D432-88F9-45AB-B4E4-66DE9378046E}.Debug|x86.Build.0 = Debug|x86
		{C585D432-88F9-45AB-B4E4-66DE9378046E}.Debug|x86.Deploy.0 = Debug|x86
		{C585D432-88F9-45AB-B4E4-66DE9378046E}.Release|Any CPU.ActiveCfg = Release|x86
		{C585D432-88F9-45AB-B4E4-66DE9378046E}.Release|Any CPU.Build.0 = Release|x86
		{C585D432-88F9-45AB-B4E4-66DE9378046E}.Release|Any CPU.Deploy.0 = Release|x86
		{C585D432-88F9-45AB-B4E4-66DE9378046E}.Release|ARM.ActiveCfg = Release|ARM
		{C585D432-88F9-45AB-B4E4-66DE9378046E}.Release|ARM.Build.0 = Release|ARM
		{C585D432-88F9-45AB-B4E4-66DE9378046E}.Release|ARM.Deploy.0 = Release|ARM
		{C585D432-88F9-45AB-B4E4-66DE9378046E}.Release|iPhone.ActiveCfg = Release|x86
		{C585D432-88F9-45AB-B4E4-66DE9378046E}.Release|iPhone.Build.0 = Release|x86
		{C585D432-88F9-45AB-B4E4-66DE9378046E}.Release|iPhone.Deploy.0 = Release|x86
		{C585D432-88F9-45AB-B4E4-66DE9378046E}.Release|iPhoneSimulator.ActiveCfg = Release|x86
		{C585D432-88F9-45AB-B4E4-66DE9378046E}.Release|iPhoneSimulator.Build.0 = Release|x86
		{C585D432-88F9-45AB-B4E4-66DE9378046E}.Release|iPhoneSimulator.Deploy.0 = Release|x86
		{C585D432-88F9-45AB-B4E4-66DE9378046E}.Release|x64.ActiveCfg = Release|x64
		{C585D432-88F9-45AB-B4E4-66DE9378046E}.Release|x64.Build.0 = Release|x64
		{C585D432-88F9-45AB-B4E4-66DE9378046E}.Release|x64.Deploy.0 = Release|x64
		{C585D432-88F9-45AB-B4E4-66DE9378046E}.Release|x86.ActiveCfg = Release|x86
		{C585D432-88F9-45AB-B4E4-66DE9378046E}.Release|x86.Build.0 = Release|x86
		{C585D432-88F9-45AB-B4E4-66DE9378046E}.Release|x86.Deploy.0 = Release|x86
		{6A3CD5DC-56F3-407B-BDEE-9EC3CD8719F1}.Debug|Any CPU.ActiveCfg = Debug|Any CPU
		{6A3CD5DC-56F3-407B-BDEE-9EC3CD8719F1}.Debug|Any CPU.Build.0 = Debug|Any CPU
		{6A3CD5DC-56F3-407B-BDEE-9EC3CD8719F1}.Debug|ARM.ActiveCfg = Debug|Any CPU
		{6A3CD5DC-56F3-407B-BDEE-9EC3CD8719F1}.Debug|ARM.Build.0 = Debug|Any CPU
		{6A3CD5DC-56F3-407B-BDEE-9EC3CD8719F1}.Debug|iPhone.ActiveCfg = Debug|Any CPU
		{6A3CD5DC-56F3-407B-BDEE-9EC3CD8719F1}.Debug|iPhone.Build.0 = Debug|Any CPU
		{6A3CD5DC-56F3-407B-BDEE-9EC3CD8719F1}.Debug|iPhoneSimulator.ActiveCfg = Debug|Any CPU
		{6A3CD5DC-56F3-407B-BDEE-9EC3CD8719F1}.Debug|iPhoneSimulator.Build.0 = Debug|Any CPU
		{6A3CD5DC-56F3-407B-BDEE-9EC3CD8719F1}.Debug|x64.ActiveCfg = Debug|Any CPU
		{6A3CD5DC-56F3-407B-BDEE-9EC3CD8719F1}.Debug|x64.Build.0 = Debug|Any CPU
		{6A3CD5DC-56F3-407B-BDEE-9EC3CD8719F1}.Debug|x86.ActiveCfg = Debug|Any CPU
		{6A3CD5DC-56F3-407B-BDEE-9EC3CD8719F1}.Debug|x86.Build.0 = Debug|Any CPU
		{6A3CD5DC-56F3-407B-BDEE-9EC3CD8719F1}.Release|Any CPU.ActiveCfg = Release|Any CPU
		{6A3CD5DC-56F3-407B-BDEE-9EC3CD8719F1}.Release|Any CPU.Build.0 = Release|Any CPU
		{6A3CD5DC-56F3-407B-BDEE-9EC3CD8719F1}.Release|ARM.ActiveCfg = Release|Any CPU
		{6A3CD5DC-56F3-407B-BDEE-9EC3CD8719F1}.Release|ARM.Build.0 = Release|Any CPU
		{6A3CD5DC-56F3-407B-BDEE-9EC3CD8719F1}.Release|iPhone.ActiveCfg = Release|Any CPU
		{6A3CD5DC-56F3-407B-BDEE-9EC3CD8719F1}.Release|iPhone.Build.0 = Release|Any CPU
		{6A3CD5DC-56F3-407B-BDEE-9EC3CD8719F1}.Release|iPhoneSimulator.ActiveCfg = Release|Any CPU
		{6A3CD5DC-56F3-407B-BDEE-9EC3CD8719F1}.Release|iPhoneSimulator.Build.0 = Release|Any CPU
		{6A3CD5DC-56F3-407B-BDEE-9EC3CD8719F1}.Release|x64.ActiveCfg = Release|Any CPU
		{6A3CD5DC-56F3-407B-BDEE-9EC3CD8719F1}.Release|x64.Build.0 = Release|Any CPU
		{6A3CD5DC-56F3-407B-BDEE-9EC3CD8719F1}.Release|x86.ActiveCfg = Release|Any CPU
		{6A3CD5DC-56F3-407B-BDEE-9EC3CD8719F1}.Release|x86.Build.0 = Release|Any CPU
		{8DDEBA83-6F8B-4588-9874-5783124942B1}.Debug|Any CPU.ActiveCfg = Debug|Any CPU
		{8DDEBA83-6F8B-4588-9874-5783124942B1}.Debug|Any CPU.Build.0 = Debug|Any CPU
		{8DDEBA83-6F8B-4588-9874-5783124942B1}.Debug|Any CPU.Deploy.0 = Debug|Any CPU
		{8DDEBA83-6F8B-4588-9874-5783124942B1}.Debug|ARM.ActiveCfg = Debug|ARM
		{8DDEBA83-6F8B-4588-9874-5783124942B1}.Debug|ARM.Build.0 = Debug|ARM
		{8DDEBA83-6F8B-4588-9874-5783124942B1}.Debug|ARM.Deploy.0 = Debug|ARM
		{8DDEBA83-6F8B-4588-9874-5783124942B1}.Debug|iPhone.ActiveCfg = Debug|Any CPU
		{8DDEBA83-6F8B-4588-9874-5783124942B1}.Debug|iPhone.Build.0 = Debug|Any CPU
		{8DDEBA83-6F8B-4588-9874-5783124942B1}.Debug|iPhone.Deploy.0 = Debug|Any CPU
		{8DDEBA83-6F8B-4588-9874-5783124942B1}.Debug|iPhoneSimulator.ActiveCfg = Debug|Any CPU
		{8DDEBA83-6F8B-4588-9874-5783124942B1}.Debug|iPhoneSimulator.Build.0 = Debug|Any CPU
		{8DDEBA83-6F8B-4588-9874-5783124942B1}.Debug|iPhoneSimulator.Deploy.0 = Debug|Any CPU
		{8DDEBA83-6F8B-4588-9874-5783124942B1}.Debug|x64.ActiveCfg = Debug|Any CPU
		{8DDEBA83-6F8B-4588-9874-5783124942B1}.Debug|x64.Build.0 = Debug|Any CPU
		{8DDEBA83-6F8B-4588-9874-5783124942B1}.Debug|x64.Deploy.0 = Debug|Any CPU
		{8DDEBA83-6F8B-4588-9874-5783124942B1}.Debug|x86.ActiveCfg = Debug|x86
		{8DDEBA83-6F8B-4588-9874-5783124942B1}.Debug|x86.Build.0 = Debug|x86
		{8DDEBA83-6F8B-4588-9874-5783124942B1}.Debug|x86.Deploy.0 = Debug|x86
		{8DDEBA83-6F8B-4588-9874-5783124942B1}.Release|Any CPU.ActiveCfg = Release|Any CPU
		{8DDEBA83-6F8B-4588-9874-5783124942B1}.Release|Any CPU.Build.0 = Release|Any CPU
		{8DDEBA83-6F8B-4588-9874-5783124942B1}.Release|Any CPU.Deploy.0 = Release|Any CPU
		{8DDEBA83-6F8B-4588-9874-5783124942B1}.Release|ARM.ActiveCfg = Release|ARM
		{8DDEBA83-6F8B-4588-9874-5783124942B1}.Release|ARM.Build.0 = Release|ARM
		{8DDEBA83-6F8B-4588-9874-5783124942B1}.Release|ARM.Deploy.0 = Release|ARM
		{8DDEBA83-6F8B-4588-9874-5783124942B1}.Release|iPhone.ActiveCfg = Release|Any CPU
		{8DDEBA83-6F8B-4588-9874-5783124942B1}.Release|iPhone.Build.0 = Release|Any CPU
		{8DDEBA83-6F8B-4588-9874-5783124942B1}.Release|iPhone.Deploy.0 = Release|Any CPU
		{8DDEBA83-6F8B-4588-9874-5783124942B1}.Release|iPhoneSimulator.ActiveCfg = Release|Any CPU
		{8DDEBA83-6F8B-4588-9874-5783124942B1}.Release|iPhoneSimulator.Build.0 = Release|Any CPU
		{8DDEBA83-6F8B-4588-9874-5783124942B1}.Release|iPhoneSimulator.Deploy.0 = Release|Any CPU
		{8DDEBA83-6F8B-4588-9874-5783124942B1}.Release|x64.ActiveCfg = Release|Any CPU
		{8DDEBA83-6F8B-4588-9874-5783124942B1}.Release|x64.Build.0 = Release|Any CPU
		{8DDEBA83-6F8B-4588-9874-5783124942B1}.Release|x64.Deploy.0 = Release|Any CPU
		{8DDEBA83-6F8B-4588-9874-5783124942B1}.Release|x86.ActiveCfg = Release|x86
		{8DDEBA83-6F8B-4588-9874-5783124942B1}.Release|x86.Build.0 = Release|x86
		{8DDEBA83-6F8B-4588-9874-5783124942B1}.Release|x86.Deploy.0 = Release|x86
		{F822AFED-9D5A-4065-8780-692E7FC7F567}.Debug|Any CPU.ActiveCfg = Debug|Any CPU
		{F822AFED-9D5A-4065-8780-692E7FC7F567}.Debug|Any CPU.Build.0 = Debug|Any CPU
		{F822AFED-9D5A-4065-8780-692E7FC7F567}.Debug|Any CPU.Deploy.0 = Debug|Any CPU
		{F822AFED-9D5A-4065-8780-692E7FC7F567}.Debug|ARM.ActiveCfg = Debug|ARM
		{F822AFED-9D5A-4065-8780-692E7FC7F567}.Debug|ARM.Build.0 = Debug|ARM
		{F822AFED-9D5A-4065-8780-692E7FC7F567}.Debug|ARM.Deploy.0 = Debug|ARM
		{F822AFED-9D5A-4065-8780-692E7FC7F567}.Debug|iPhone.ActiveCfg = Debug|Any CPU
		{F822AFED-9D5A-4065-8780-692E7FC7F567}.Debug|iPhone.Build.0 = Debug|Any CPU
		{F822AFED-9D5A-4065-8780-692E7FC7F567}.Debug|iPhone.Deploy.0 = Debug|Any CPU
		{F822AFED-9D5A-4065-8780-692E7FC7F567}.Debug|iPhoneSimulator.ActiveCfg = Debug|Any CPU
		{F822AFED-9D5A-4065-8780-692E7FC7F567}.Debug|iPhoneSimulator.Build.0 = Debug|Any CPU
		{F822AFED-9D5A-4065-8780-692E7FC7F567}.Debug|iPhoneSimulator.Deploy.0 = Debug|Any CPU
		{F822AFED-9D5A-4065-8780-692E7FC7F567}.Debug|x64.ActiveCfg = Debug|x64
		{F822AFED-9D5A-4065-8780-692E7FC7F567}.Debug|x64.Build.0 = Debug|x64
		{F822AFED-9D5A-4065-8780-692E7FC7F567}.Debug|x64.Deploy.0 = Debug|x64
		{F822AFED-9D5A-4065-8780-692E7FC7F567}.Debug|x86.ActiveCfg = Debug|x86
		{F822AFED-9D5A-4065-8780-692E7FC7F567}.Debug|x86.Build.0 = Debug|x86
		{F822AFED-9D5A-4065-8780-692E7FC7F567}.Debug|x86.Deploy.0 = Debug|x86
		{F822AFED-9D5A-4065-8780-692E7FC7F567}.Release|Any CPU.ActiveCfg = Release|Any CPU
		{F822AFED-9D5A-4065-8780-692E7FC7F567}.Release|Any CPU.Build.0 = Release|Any CPU
		{F822AFED-9D5A-4065-8780-692E7FC7F567}.Release|Any CPU.Deploy.0 = Release|Any CPU
		{F822AFED-9D5A-4065-8780-692E7FC7F567}.Release|ARM.ActiveCfg = Release|ARM
		{F822AFED-9D5A-4065-8780-692E7FC7F567}.Release|ARM.Build.0 = Release|ARM
		{F822AFED-9D5A-4065-8780-692E7FC7F567}.Release|ARM.Deploy.0 = Release|ARM
		{F822AFED-9D5A-4065-8780-692E7FC7F567}.Release|iPhone.ActiveCfg = Release|Any CPU
		{F822AFED-9D5A-4065-8780-692E7FC7F567}.Release|iPhone.Build.0 = Release|Any CPU
		{F822AFED-9D5A-4065-8780-692E7FC7F567}.Release|iPhone.Deploy.0 = Release|Any CPU
		{F822AFED-9D5A-4065-8780-692E7FC7F567}.Release|iPhoneSimulator.ActiveCfg = Release|Any CPU
		{F822AFED-9D5A-4065-8780-692E7FC7F567}.Release|iPhoneSimulator.Build.0 = Release|Any CPU
		{F822AFED-9D5A-4065-8780-692E7FC7F567}.Release|iPhoneSimulator.Deploy.0 = Release|Any CPU
		{F822AFED-9D5A-4065-8780-692E7FC7F567}.Release|x64.ActiveCfg = Release|x64
		{F822AFED-9D5A-4065-8780-692E7FC7F567}.Release|x64.Build.0 = Release|x64
		{F822AFED-9D5A-4065-8780-692E7FC7F567}.Release|x64.Deploy.0 = Release|x64
		{F822AFED-9D5A-4065-8780-692E7FC7F567}.Release|x86.ActiveCfg = Release|x86
		{F822AFED-9D5A-4065-8780-692E7FC7F567}.Release|x86.Build.0 = Release|x86
		{F822AFED-9D5A-4065-8780-692E7FC7F567}.Release|x86.Deploy.0 = Release|x86
	EndGlobalSection
	GlobalSection(SolutionProperties) = preSolution
		HideSolutionNode = FALSE
	EndGlobalSection
EndGlobal
